// !$*UTF8*$!
{
	archiveVersion = 1;
	classes = {
	};
	objectVersion = 46;
	objects = {

/* Begin PBXBuildFile section */
		070C9D8C1E4874F300BD3A54 /* main.m in Sources */ = {isa = PBXBuildFile; fileRef = 070C9D8B1E4874F300BD3A54 /* main.m */; };
		070C9D921E4874F300BD3A54 /* ViewController.m in Sources */ = {isa = PBXBuildFile; fileRef = 070C9D911E4874F300BD3A54 /* ViewController.m */; };
		070C9D951E4874F300BD3A54 /* Main.storyboard in Resources */ = {isa = PBXBuildFile; fileRef = 070C9D931E4874F300BD3A54 /* Main.storyboard */; };
		070C9D971E4874F300BD3A54 /* Assets.xcassets in Resources */ = {isa = PBXBuildFile; fileRef = 070C9D961E4874F300BD3A54 /* Assets.xcassets */; };
		070C9D9A1E4874F300BD3A54 /* LaunchScreen.storyboard in Resources */ = {isa = PBXBuildFile; fileRef = 070C9D981E4874F300BD3A54 /* LaunchScreen.storyboard */; };
		070C9DA51E4874F300BD3A54 /* Project_XTests.m in Sources */ = {isa = PBXBuildFile; fileRef = 070C9DA41E4874F300BD3A54 /* Project_XTests.m */; };
		070C9DB01E4874F300BD3A54 /* Project_XUITests.m in Sources */ = {isa = PBXBuildFile; fileRef = 070C9DAF1E4874F300BD3A54 /* Project_XUITests.m */; };
		24289AFCF5E6FCA2609FCFA0 /* libPods.a in Frameworks */ = {isa = PBXBuildFile; fileRef = 10E613750C5D8EE3DDF68FF9 /* libPods.a */; };
		45A43E931E4C06E000C64CE2 /* ZQTabbarController.m in Sources */ = {isa = PBXBuildFile; fileRef = 45A43E911E4C06E000C64CE2 /* ZQTabbarController.m */; };
		45A43E961E4C06EC00C64CE2 /* ZQHomeController.m in Sources */ = {isa = PBXBuildFile; fileRef = 45A43E941E4C06EC00C64CE2 /* ZQHomeController.m */; };
		45A43E991E4C070600C64CE2 /* AppDelegate.m in Sources */ = {isa = PBXBuildFile; fileRef = 45A43E971E4C070600C64CE2 /* AppDelegate.m */; };
		45A43E9F1E4C07A300C64CE2 /* ZQDiscoverController.m in Sources */ = {isa = PBXBuildFile; fileRef = 45A43E9E1E4C07A300C64CE2 /* ZQDiscoverController.m */; };
		45A43EA21E4C07C200C64CE2 /* ZQAddController.m in Sources */ = {isa = PBXBuildFile; fileRef = 45A43EA11E4C07C200C64CE2 /* ZQAddController.m */; };
		45A43EA51E4C07DE00C64CE2 /* ZQMessageController.m in Sources */ = {isa = PBXBuildFile; fileRef = 45A43EA41E4C07DE00C64CE2 /* ZQMessageController.m */; };
		45A43EA81E4C08AB00C64CE2 /* ZQMyController.m in Sources */ = {isa = PBXBuildFile; fileRef = 45A43EA71E4C08AB00C64CE2 /* ZQMyController.m */; };
/* End PBXBuildFile section */

/* Begin PBXContainerItemProxy section */
		070C9DA11E4874F300BD3A54 /* PBXContainerItemProxy */ = {
			isa = PBXContainerItemProxy;
			containerPortal = 070C9D7F1E4874F300BD3A54 /* Project object */;
			proxyType = 1;
			remoteGlobalIDString = 070C9D861E4874F300BD3A54;
			remoteInfo = "Project-X";
		};
		070C9DAC1E4874F300BD3A54 /* PBXContainerItemProxy */ = {
			isa = PBXContainerItemProxy;
			containerPortal = 070C9D7F1E4874F300BD3A54 /* Project object */;
			proxyType = 1;
			remoteGlobalIDString = 070C9D861E4874F300BD3A54;
			remoteInfo = "Project-X";
		};
/* End PBXContainerItemProxy section */

/* Begin PBXFileReference section */
		070C9D871E4874F300BD3A54 /* Project-X.app */ = {isa = PBXFileReference; explicitFileType = wrapper.application; includeInIndex = 0; path = "Project-X.app"; sourceTree = BUILT_PRODUCTS_DIR; };
		070C9D8B1E4874F300BD3A54 /* main.m */ = {isa = PBXFileReference; lastKnownFileType = sourcecode.c.objc; path = main.m; sourceTree = "<group>"; };
		070C9D901E4874F300BD3A54 /* ViewController.h */ = {isa = PBXFileReference; lastKnownFileType = sourcecode.c.h; path = ViewController.h; sourceTree = "<group>"; };
		070C9D911E4874F300BD3A54 /* ViewController.m */ = {isa = PBXFileReference; lastKnownFileType = sourcecode.c.objc; path = ViewController.m; sourceTree = "<group>"; };
		070C9D941E4874F300BD3A54 /* Base */ = {isa = PBXFileReference; lastKnownFileType = file.storyboard; name = Base; path = Base.lproj/Main.storyboard; sourceTree = "<group>"; };
		070C9D961E4874F300BD3A54 /* Assets.xcassets */ = {isa = PBXFileReference; lastKnownFileType = folder.assetcatalog; path = Assets.xcassets; sourceTree = "<group>"; };
		070C9D991E4874F300BD3A54 /* Base */ = {isa = PBXFileReference; lastKnownFileType = file.storyboard; name = Base; path = Base.lproj/LaunchScreen.storyboard; sourceTree = "<group>"; };
		070C9D9B1E4874F300BD3A54 /* Info.plist */ = {isa = PBXFileReference; lastKnownFileType = text.plist.xml; path = Info.plist; sourceTree = "<group>"; };
		070C9DA01E4874F300BD3A54 /* Project-XTests.xctest */ = {isa = PBXFileReference; explicitFileType = wrapper.cfbundle; includeInIndex = 0; path = "Project-XTests.xctest"; sourceTree = BUILT_PRODUCTS_DIR; };
		070C9DA41E4874F300BD3A54 /* Project_XTests.m */ = {isa = PBXFileReference; lastKnownFileType = sourcecode.c.objc; path = Project_XTests.m; sourceTree = "<group>"; };
		070C9DA61E4874F300BD3A54 /* Info.plist */ = {isa = PBXFileReference; lastKnownFileType = text.plist.xml; path = Info.plist; sourceTree = "<group>"; };
		070C9DAB1E4874F300BD3A54 /* Project-XUITests.xctest */ = {isa = PBXFileReference; explicitFileType = wrapper.cfbundle; includeInIndex = 0; path = "Project-XUITests.xctest"; sourceTree = BUILT_PRODUCTS_DIR; };
		070C9DAF1E4874F300BD3A54 /* Project_XUITests.m */ = {isa = PBXFileReference; lastKnownFileType = sourcecode.c.objc; path = Project_XUITests.m; sourceTree = "<group>"; };
		070C9DB11E4874F300BD3A54 /* Info.plist */ = {isa = PBXFileReference; lastKnownFileType = text.plist.xml; path = Info.plist; sourceTree = "<group>"; };
		10E613750C5D8EE3DDF68FF9 /* libPods.a */ = {isa = PBXFileReference; explicitFileType = archive.ar; includeInIndex = 0; path = libPods.a; sourceTree = BUILT_PRODUCTS_DIR; };
		45A43E911E4C06E000C64CE2 /* ZQTabbarController.m */ = {isa = PBXFileReference; fileEncoding = 4; lastKnownFileType = sourcecode.c.objc; path = ZQTabbarController.m; sourceTree = "<group>"; };
		45A43E921E4C06E000C64CE2 /* ZQTabbarController.h */ = {isa = PBXFileReference; fileEncoding = 4; lastKnownFileType = sourcecode.c.h; path = ZQTabbarController.h; sourceTree = "<group>"; };
		45A43E941E4C06EC00C64CE2 /* ZQHomeController.m */ = {isa = PBXFileReference; fileEncoding = 4; lastKnownFileType = sourcecode.c.objc; path = ZQHomeController.m; sourceTree = "<group>"; };
		45A43E951E4C06EC00C64CE2 /* ZQHomeController.h */ = {isa = PBXFileReference; fileEncoding = 4; lastKnownFileType = sourcecode.c.h; path = ZQHomeController.h; sourceTree = "<group>"; };
		45A43E971E4C070600C64CE2 /* AppDelegate.m */ = {isa = PBXFileReference; fileEncoding = 4; lastKnownFileType = sourcecode.c.objc; path = AppDelegate.m; sourceTree = "<group>"; };
		45A43E981E4C070600C64CE2 /* AppDelegate.h */ = {isa = PBXFileReference; fileEncoding = 4; lastKnownFileType = sourcecode.c.h; path = AppDelegate.h; sourceTree = "<group>"; };
		45A43E9D1E4C07A300C64CE2 /* ZQDiscoverController.h */ = {isa = PBXFileReference; fileEncoding = 4; lastKnownFileType = sourcecode.c.h; path = ZQDiscoverController.h; sourceTree = "<group>"; };
		45A43E9E1E4C07A300C64CE2 /* ZQDiscoverController.m */ = {isa = PBXFileReference; fileEncoding = 4; lastKnownFileType = sourcecode.c.objc; path = ZQDiscoverController.m; sourceTree = "<group>"; };
		45A43EA01E4C07C200C64CE2 /* ZQAddController.h */ = {isa = PBXFileReference; fileEncoding = 4; lastKnownFileType = sourcecode.c.h; path = ZQAddController.h; sourceTree = "<group>"; };
		45A43EA11E4C07C200C64CE2 /* ZQAddController.m */ = {isa = PBXFileReference; fileEncoding = 4; lastKnownFileType = sourcecode.c.objc; path = ZQAddController.m; sourceTree = "<group>"; };
		45A43EA31E4C07DE00C64CE2 /* ZQMessageController.h */ = {isa = PBXFileReference; fileEncoding = 4; lastKnownFileType = sourcecode.c.h; path = ZQMessageController.h; sourceTree = "<group>"; };
		45A43EA41E4C07DE00C64CE2 /* ZQMessageController.m */ = {isa = PBXFileReference; fileEncoding = 4; lastKnownFileType = sourcecode.c.objc; path = ZQMessageController.m; sourceTree = "<group>"; };
		45A43EA61E4C08AB00C64CE2 /* ZQMyController.h */ = {isa = PBXFileReference; fileEncoding = 4; lastKnownFileType = sourcecode.c.h; path = ZQMyController.h; sourceTree = "<group>"; };
		45A43EA71E4C08AB00C64CE2 /* ZQMyController.m */ = {isa = PBXFileReference; fileEncoding = 4; lastKnownFileType = sourcecode.c.objc; path = ZQMyController.m; sourceTree = "<group>"; };
		5D01B4622FEF9E495EEA4ACB /* Pods.debug.xcconfig */ = {isa = PBXFileReference; includeInIndex = 1; lastKnownFileType = text.xcconfig; name = Pods.debug.xcconfig; path = "Pods/Target Support Files/Pods/Pods.debug.xcconfig"; sourceTree = "<group>"; };
		65B4D4705B209899C4A1BAF3 /* Pods.release.xcconfig */ = {isa = PBXFileReference; includeInIndex = 1; lastKnownFileType = text.xcconfig; name = Pods.release.xcconfig; path = "Pods/Target Support Files/Pods/Pods.release.xcconfig"; sourceTree = "<group>"; };
/* End PBXFileReference section */

/* Begin PBXFrameworksBuildPhase section */
		070C9D841E4874F300BD3A54 /* Frameworks */ = {
			isa = PBXFrameworksBuildPhase;
			buildActionMask = 2147483647;
			files = (
				24289AFCF5E6FCA2609FCFA0 /* libPods.a in Frameworks */,
			);
			runOnlyForDeploymentPostprocessing = 0;
		};
		070C9D9D1E4874F300BD3A54 /* Frameworks */ = {
			isa = PBXFrameworksBuildPhase;
			buildActionMask = 2147483647;
			files = (
			);
			runOnlyForDeploymentPostprocessing = 0;
		};
		070C9DA81E4874F300BD3A54 /* Frameworks */ = {
			isa = PBXFrameworksBuildPhase;
			buildActionMask = 2147483647;
			files = (
			);
			runOnlyForDeploymentPostprocessing = 0;
		};
/* End PBXFrameworksBuildPhase section */

/* Begin PBXGroup section */
		070C9D7E1E4874F300BD3A54 = {
			isa = PBXGroup;
			children = (
				070C9D891E4874F300BD3A54 /* Project-X */,
				070C9DA31E4874F300BD3A54 /* Project-XTests */,
				070C9DAE1E4874F300BD3A54 /* Project-XUITests */,
				070C9D881E4874F300BD3A54 /* Products */,
				E6AA54A7E01AF52EDFB8ABA9 /* Pods */,
				34388C0E267100423AF067EC /* Frameworks */,
			);
			sourceTree = "<group>";
		};
		070C9D881E4874F300BD3A54 /* Products */ = {
			isa = PBXGroup;
			children = (
				070C9D871E4874F300BD3A54 /* Project-X.app */,
				070C9DA01E4874F300BD3A54 /* Project-XTests.xctest */,
				070C9DAB1E4874F300BD3A54 /* Project-XUITests.xctest */,
			);
			name = Products;
			sourceTree = "<group>";
		};
		070C9D891E4874F300BD3A54 /* Project-X */ = {
			isa = PBXGroup;
			children = (
				45A43E731E4C060900C64CE2 /* Classes */,
				070C9D901E4874F300BD3A54 /* ViewController.h */,
				070C9D911E4874F300BD3A54 /* ViewController.m */,
				070C9D8A1E4874F300BD3A54 /* Supporting Files */,
			);
			path = "Project-X";
			sourceTree = "<group>";
		};
		070C9D8A1E4874F300BD3A54 /* Supporting Files */ = {
			isa = PBXGroup;
			children = (
				070C9D931E4874F300BD3A54 /* Main.storyboard */,
				070C9D961E4874F300BD3A54 /* Assets.xcassets */,
				070C9D981E4874F300BD3A54 /* LaunchScreen.storyboard */,
				070C9D9B1E4874F300BD3A54 /* Info.plist */,
				070C9D8B1E4874F300BD3A54 /* main.m */,
			);
			name = "Supporting Files";
			sourceTree = "<group>";
		};
		070C9DA31E4874F300BD3A54 /* Project-XTests */ = {
			isa = PBXGroup;
			children = (
				070C9DA41E4874F300BD3A54 /* Project_XTests.m */,
				070C9DA61E4874F300BD3A54 /* Info.plist */,
			);
			path = "Project-XTests";
			sourceTree = "<group>";
		};
		070C9DAE1E4874F300BD3A54 /* Project-XUITests */ = {
			isa = PBXGroup;
			children = (
				070C9DAF1E4874F300BD3A54 /* Project_XUITests.m */,
				070C9DB11E4874F300BD3A54 /* Info.plist */,
			);
			path = "Project-XUITests";
			sourceTree = "<group>";
		};
		070C9DC41E4D9A8C00BD3A54 /* Common */ = {
			isa = PBXGroup;
			children = (
				070C9DC51E4D9A8C00BD3A54 /* Controller */,
				070C9DC61E4D9A8C00BD3A54 /* Model */,
				070C9DC71E4D9A8C00BD3A54 /* View */,
			);
			path = Common;
			sourceTree = "<group>";
		};
		070C9DC51E4D9A8C00BD3A54 /* Controller */ = {
			isa = PBXGroup;
			children = (
			);
			path = Controller;
			sourceTree = "<group>";
		};
		070C9DC61E4D9A8C00BD3A54 /* Model */ = {
			isa = PBXGroup;
			children = (
			);
			path = Model;
			sourceTree = "<group>";
		};
		070C9DC71E4D9A8C00BD3A54 /* View */ = {
			isa = PBXGroup;
			children = (
			);
			path = View;
			sourceTree = "<group>";
		};
		34388C0E267100423AF067EC /* Frameworks */ = {
			isa = PBXGroup;
			children = (
				10E613750C5D8EE3DDF68FF9 /* libPods.a */,
			);
			name = Frameworks;
			sourceTree = "<group>";
		};
		45A43E731E4C060900C64CE2 /* Classes */ = {
			isa = PBXGroup;
			children = (
				070C9DC41E4D9A8C00BD3A54 /* Common */,
				45A43E841E4C060900C64CE2 /* Main */,
				45A43E741E4C060900C64CE2 /* Add */,
				45A43E7C1E4C060900C64CE2 /* Discover */,
				45A43E801E4C060900C64CE2 /* Home */,
				45A43E881E4C060900C64CE2 /* Message */,
				45A43E8C1E4C060900C64CE2 /* My */,
				45A43E901E4C060900C64CE2 /* Other */,
			);
			path = Classes;
			sourceTree = "<group>";
		};
		45A43E741E4C060900C64CE2 /* Add */ = {
			isa = PBXGroup;
			children = (
				45A43E751E4C060900C64CE2 /* Controller */,
			);
			path = Add;
			sourceTree = "<group>";
		};
		45A43E751E4C060900C64CE2 /* Controller */ = {
			isa = PBXGroup;
			children = (
				45A43EA01E4C07C200C64CE2 /* ZQAddController.h */,
				45A43EA11E4C07C200C64CE2 /* ZQAddController.m */,
			);
			path = Controller;
			sourceTree = "<group>";
		};
		45A43E7C1E4C060900C64CE2 /* Discover */ = {
			isa = PBXGroup;
			children = (
				45A43E7D1E4C060900C64CE2 /* Controller */,
			);
			path = Discover;
			sourceTree = "<group>";
		};
		45A43E7D1E4C060900C64CE2 /* Controller */ = {
			isa = PBXGroup;
			children = (
				45A43E9D1E4C07A300C64CE2 /* ZQDiscoverController.h */,
				45A43E9E1E4C07A300C64CE2 /* ZQDiscoverController.m */,
			);
			path = Controller;
			sourceTree = "<group>";
		};
		45A43E801E4C060900C64CE2 /* Home */ = {
			isa = PBXGroup;
			children = (
				45A43E811E4C060900C64CE2 /* Controller */,
			);
			path = Home;
			sourceTree = "<group>";
		};
		45A43E811E4C060900C64CE2 /* Controller */ = {
			isa = PBXGroup;
			children = (
				45A43E941E4C06EC00C64CE2 /* ZQHomeController.m */,
				45A43E951E4C06EC00C64CE2 /* ZQHomeController.h */,
			);
			path = Controller;
			sourceTree = "<group>";
		};
		45A43E841E4C060900C64CE2 /* Main */ = {
			isa = PBXGroup;
			children = (
				45A43E851E4C060900C64CE2 /* Controller */,
			);
			path = Main;
			sourceTree = "<group>";
		};
		45A43E851E4C060900C64CE2 /* Controller */ = {
			isa = PBXGroup;
			children = (
				45A43E921E4C06E000C64CE2 /* ZQTabbarController.h */,
				45A43E911E4C06E000C64CE2 /* ZQTabbarController.m */,
			);
			path = Controller;
			sourceTree = "<group>";
		};
		45A43E881E4C060900C64CE2 /* Message */ = {
			isa = PBXGroup;
			children = (
				45A43E891E4C060900C64CE2 /* Controller */,
			);
			path = Message;
			sourceTree = "<group>";
		};
		45A43E891E4C060900C64CE2 /* Controller */ = {
			isa = PBXGroup;
			children = (
				45A43EA31E4C07DE00C64CE2 /* ZQMessageController.h */,
				45A43EA41E4C07DE00C64CE2 /* ZQMessageController.m */,
			);
			path = Controller;
			sourceTree = "<group>";
		};
		45A43E8C1E4C060900C64CE2 /* My */ = {
			isa = PBXGroup;
			children = (
				45A43E8D1E4C060900C64CE2 /* Controller */,
			);
			path = My;
			sourceTree = "<group>";
		};
		45A43E8D1E4C060900C64CE2 /* Controller */ = {
			isa = PBXGroup;
			children = (
				45A43EA61E4C08AB00C64CE2 /* ZQMyController.h */,
				45A43EA71E4C08AB00C64CE2 /* ZQMyController.m */,
			);
			path = Controller;
			sourceTree = "<group>";
		};
		45A43E901E4C060900C64CE2 /* Other */ = {
			isa = PBXGroup;
			children = (
				45A43E971E4C070600C64CE2 /* AppDelegate.m */,
				45A43E981E4C070600C64CE2 /* AppDelegate.h */,
			);
			path = Other;
			sourceTree = "<group>";
		};
		E6AA54A7E01AF52EDFB8ABA9 /* Pods */ = {
			isa = PBXGroup;
			children = (
				5D01B4622FEF9E495EEA4ACB /* Pods.debug.xcconfig */,
				65B4D4705B209899C4A1BAF3 /* Pods.release.xcconfig */,
			);
			name = Pods;
			sourceTree = "<group>";
		};
/* End PBXGroup section */

/* Begin PBXNativeTarget section */
		070C9D861E4874F300BD3A54 /* Project-X */ = {
			isa = PBXNativeTarget;
			buildConfigurationList = 070C9DB41E4874F300BD3A54 /* Build configuration list for PBXNativeTarget "Project-X" */;
			buildPhases = (
				5E086F7BAD9BCF53DEA3D441 /* Check Pods Manifest.lock */,
				070C9D831E4874F300BD3A54 /* Sources */,
				070C9D841E4874F300BD3A54 /* Frameworks */,
				070C9D851E4874F300BD3A54 /* Resources */,
				09D1DA62C1D4F73E6A3C527B /* Embed Pods Frameworks */,
				4C9606C5D8B7A766F58044FD /* Copy Pods Resources */,
			);
			buildRules = (
			);
			dependencies = (
			);
			name = "Project-X";
			productName = "Project-X";
			productReference = 070C9D871E4874F300BD3A54 /* Project-X.app */;
			productType = "com.apple.product-type.application";
		};
		070C9D9F1E4874F300BD3A54 /* Project-XTests */ = {
			isa = PBXNativeTarget;
			buildConfigurationList = 070C9DB71E4874F300BD3A54 /* Build configuration list for PBXNativeTarget "Project-XTests" */;
			buildPhases = (
				070C9D9C1E4874F300BD3A54 /* Sources */,
				070C9D9D1E4874F300BD3A54 /* Frameworks */,
				070C9D9E1E4874F300BD3A54 /* Resources */,
			);
			buildRules = (
			);
			dependencies = (
				070C9DA21E4874F300BD3A54 /* PBXTargetDependency */,
			);
			name = "Project-XTests";
			productName = "Project-XTests";
			productReference = 070C9DA01E4874F300BD3A54 /* Project-XTests.xctest */;
			productType = "com.apple.product-type.bundle.unit-test";
		};
		070C9DAA1E4874F300BD3A54 /* Project-XUITests */ = {
			isa = PBXNativeTarget;
			buildConfigurationList = 070C9DBA1E4874F300BD3A54 /* Build configuration list for PBXNativeTarget "Project-XUITests" */;
			buildPhases = (
				070C9DA71E4874F300BD3A54 /* Sources */,
				070C9DA81E4874F300BD3A54 /* Frameworks */,
				070C9DA91E4874F300BD3A54 /* Resources */,
			);
			buildRules = (
			);
			dependencies = (
				070C9DAD1E4874F300BD3A54 /* PBXTargetDependency */,
			);
			name = "Project-XUITests";
			productName = "Project-XUITests";
			productReference = 070C9DAB1E4874F300BD3A54 /* Project-XUITests.xctest */;
			productType = "com.apple.product-type.bundle.ui-testing";
		};
/* End PBXNativeTarget section */

/* Begin PBXProject section */
		070C9D7F1E4874F300BD3A54 /* Project object */ = {
			isa = PBXProject;
			attributes = {
				LastUpgradeCheck = 0820;
				ORGANIZATIONNAME = "陈擎霄";
				TargetAttributes = {
					070C9D861E4874F300BD3A54 = {
						CreatedOnToolsVersion = 8.2.1;
						DevelopmentTeam = LKLUL3G769;
						ProvisioningStyle = Automatic;
					};
					070C9D9F1E4874F300BD3A54 = {
						CreatedOnToolsVersion = 8.2.1;
						ProvisioningStyle = Automatic;
						TestTargetID = 070C9D861E4874F300BD3A54;
					};
					070C9DAA1E4874F300BD3A54 = {
						CreatedOnToolsVersion = 8.2.1;
						ProvisioningStyle = Automatic;
						TestTargetID = 070C9D861E4874F300BD3A54;
					};
				};
			};
			buildConfigurationList = 070C9D821E4874F300BD3A54 /* Build configuration list for PBXProject "Project-X" */;
			compatibilityVersion = "Xcode 3.2";
			developmentRegion = English;
			hasScannedForEncodings = 0;
			knownRegions = (
				en,
				Base,
			);
			mainGroup = 070C9D7E1E4874F300BD3A54;
			productRefGroup = 070C9D881E4874F300BD3A54 /* Products */;
			projectDirPath = "";
			projectRoot = "";
			targets = (
				070C9D861E4874F300BD3A54 /* Project-X */,
				070C9D9F1E4874F300BD3A54 /* Project-XTests */,
				070C9DAA1E4874F300BD3A54 /* Project-XUITests */,
			);
		};
/* End PBXProject section */

/* Begin PBXResourcesBuildPhase section */
		070C9D851E4874F300BD3A54 /* Resources */ = {
			isa = PBXResourcesBuildPhase;
			buildActionMask = 2147483647;
			files = (
				070C9D9A1E4874F300BD3A54 /* LaunchScreen.storyboard in Resources */,
				070C9D971E4874F300BD3A54 /* Assets.xcassets in Resources */,
				070C9D951E4874F300BD3A54 /* Main.storyboard in Resources */,
			);
			runOnlyForDeploymentPostprocessing = 0;
		};
		070C9D9E1E4874F300BD3A54 /* Resources */ = {
			isa = PBXResourcesBuildPhase;
			buildActionMask = 2147483647;
			files = (
			);
			runOnlyForDeploymentPostprocessing = 0;
		};
		070C9DA91E4874F300BD3A54 /* Resources */ = {
			isa = PBXResourcesBuildPhase;
			buildActionMask = 2147483647;
			files = (
			);
			runOnlyForDeploymentPostprocessing = 0;
		};
/* End PBXResourcesBuildPhase section */

/* Begin PBXShellScriptBuildPhase section */
		09D1DA62C1D4F73E6A3C527B /* Embed Pods Frameworks */ = {
			isa = PBXShellScriptBuildPhase;
			buildActionMask = 2147483647;
			files = (
			);
			inputPaths = (
			);
			name = "Embed Pods Frameworks";
			outputPaths = (
			);
			runOnlyForDeploymentPostprocessing = 0;
			shellPath = /bin/sh;
			shellScript = "\"${SRCROOT}/Pods/Target Support Files/Pods/Pods-frameworks.sh\"\n";
			showEnvVarsInLog = 0;
		};
		4C9606C5D8B7A766F58044FD /* Copy Pods Resources */ = {
			isa = PBXShellScriptBuildPhase;
			buildActionMask = 2147483647;
			files = (
			);
			inputPaths = (
			);
			name = "Copy Pods Resources";
			outputPaths = (
			);
			runOnlyForDeploymentPostprocessing = 0;
			shellPath = /bin/sh;
			shellScript = "\"${SRCROOT}/Pods/Target Support Files/Pods/Pods-resources.sh\"\n";
			showEnvVarsInLog = 0;
		};
		5E086F7BAD9BCF53DEA3D441 /* Check Pods Manifest.lock */ = {
			isa = PBXShellScriptBuildPhase;
			buildActionMask = 2147483647;
			files = (
			);
			inputPaths = (
			);
			name = "Check Pods Manifest.lock";
			outputPaths = (
			);
			runOnlyForDeploymentPostprocessing = 0;
			shellPath = /bin/sh;
			shellScript = "diff \"${PODS_ROOT}/../Podfile.lock\" \"${PODS_ROOT}/Manifest.lock\" > /dev/null\nif [[ $? != 0 ]] ; then\n    cat << EOM\nerror: The sandbox is not in sync with the Podfile.lock. Run 'pod install' or update your CocoaPods installation.\nEOM\n    exit 1\nfi\n";
			showEnvVarsInLog = 0;
		};
/* End PBXShellScriptBuildPhase section */

/* Begin PBXSourcesBuildPhase section */
		070C9D831E4874F300BD3A54 /* Sources */ = {
			isa = PBXSourcesBuildPhase;
			buildActionMask = 2147483647;
			files = (
				45A43E9F1E4C07A300C64CE2 /* ZQDiscoverController.m in Sources */,
				070C9D921E4874F300BD3A54 /* ViewController.m in Sources */,
				45A43E961E4C06EC00C64CE2 /* ZQHomeController.m in Sources */,
				45A43EA21E4C07C200C64CE2 /* ZQAddController.m in Sources */,
				45A43EA51E4C07DE00C64CE2 /* ZQMessageController.m in Sources */,
				45A43E931E4C06E000C64CE2 /* ZQTabbarController.m in Sources */,
				070C9D8C1E4874F300BD3A54 /* main.m in Sources */,
				45A43EA81E4C08AB00C64CE2 /* ZQMyController.m in Sources */,
				45A43E991E4C070600C64CE2 /* AppDelegate.m in Sources */,
			);
			runOnlyForDeploymentPostprocessing = 0;
		};
		070C9D9C1E4874F300BD3A54 /* Sources */ = {
			isa = PBXSourcesBuildPhase;
			buildActionMask = 2147483647;
			files = (
				070C9DA51E4874F300BD3A54 /* Project_XTests.m in Sources */,
			);
			runOnlyForDeploymentPostprocessing = 0;
		};
		070C9DA71E4874F300BD3A54 /* Sources */ = {
			isa = PBXSourcesBuildPhase;
			buildActionMask = 2147483647;
			files = (
				070C9DB01E4874F300BD3A54 /* Project_XUITests.m in Sources */,
			);
			runOnlyForDeploymentPostprocessing = 0;
		};
/* End PBXSourcesBuildPhase section */

/* Begin PBXTargetDependency section */
		070C9DA21E4874F300BD3A54 /* PBXTargetDependency */ = {
			isa = PBXTargetDependency;
			target = 070C9D861E4874F300BD3A54 /* Project-X */;
			targetProxy = 070C9DA11E4874F300BD3A54 /* PBXContainerItemProxy */;
		};
		070C9DAD1E4874F300BD3A54 /* PBXTargetDependency */ = {
			isa = PBXTargetDependency;
			target = 070C9D861E4874F300BD3A54 /* Project-X */;
			targetProxy = 070C9DAC1E4874F300BD3A54 /* PBXContainerItemProxy */;
		};
/* End PBXTargetDependency section */

/* Begin PBXVariantGroup section */
		070C9D931E4874F300BD3A54 /* Main.storyboard */ = {
			isa = PBXVariantGroup;
			children = (
				070C9D941E4874F300BD3A54 /* Base */,
			);
			name = Main.storyboard;
			sourceTree = "<group>";
		};
		070C9D981E4874F300BD3A54 /* LaunchScreen.storyboard */ = {
			isa = PBXVariantGroup;
			children = (
				070C9D991E4874F300BD3A54 /* Base */,
			);
			name = LaunchScreen.storyboard;
			sourceTree = "<group>";
		};
/* End PBXVariantGroup section */

/* Begin XCBuildConfiguration section */
		070C9DB21E4874F300BD3A54 /* Debug */ = {
			isa = XCBuildConfiguration;
			buildSettings = {
				ALWAYS_SEARCH_USER_PATHS = NO;
				CLANG_ANALYZER_NONNULL = YES;
				CLANG_CXX_LANGUAGE_STANDARD = "gnu++0x";
				CLANG_CXX_LIBRARY = "libc++";
				CLANG_ENABLE_MODULES = YES;
				CLANG_ENABLE_OBJC_ARC = YES;
				CLANG_WARN_BOOL_CONVERSION = YES;
				CLANG_WARN_CONSTANT_CONVERSION = YES;
				CLANG_WARN_DIRECT_OBJC_ISA_USAGE = YES_ERROR;
				CLANG_WARN_DOCUMENTATION_COMMENTS = YES;
				CLANG_WARN_EMPTY_BODY = YES;
				CLANG_WARN_ENUM_CONVERSION = YES;
				CLANG_WARN_INFINITE_RECURSION = YES;
				CLANG_WARN_INT_CONVERSION = YES;
				CLANG_WARN_OBJC_ROOT_CLASS = YES_ERROR;
				CLANG_WARN_SUSPICIOUS_MOVE = YES;
				CLANG_WARN_UNREACHABLE_CODE = YES;
				CLANG_WARN__DUPLICATE_METHOD_MATCH = YES;
				"CODE_SIGN_IDENTITY[sdk=iphoneos*]" = "iPhone Developer";
				COPY_PHASE_STRIP = NO;
				DEBUG_INFORMATION_FORMAT = dwarf;
				ENABLE_STRICT_OBJC_MSGSEND = YES;
				ENABLE_TESTABILITY = YES;
				GCC_C_LANGUAGE_STANDARD = gnu99;
				GCC_DYNAMIC_NO_PIC = NO;
				GCC_NO_COMMON_BLOCKS = YES;
				GCC_OPTIMIZATION_LEVEL = 0;
				GCC_PREPROCESSOR_DEFINITIONS = (
					"DEBUG=1",
					"$(inherited)",
				);
				GCC_WARN_64_TO_32_BIT_CONVERSION = YES;
				GCC_WARN_ABOUT_RETURN_TYPE = YES_ERROR;
				GCC_WARN_UNDECLARED_SELECTOR = YES;
				GCC_WARN_UNINITIALIZED_AUTOS = YES_AGGRESSIVE;
				GCC_WARN_UNUSED_FUNCTION = YES;
				GCC_WARN_UNUSED_VARIABLE = YES;
				IPHONEOS_DEPLOYMENT_TARGET = 10.2;
				MTL_ENABLE_DEBUG_INFO = YES;
				ONLY_ACTIVE_ARCH = YES;
				SDKROOT = iphoneos;
				TARGETED_DEVICE_FAMILY = "1,2";
			};
			name = Debug;
		};
		070C9DB31E4874F300BD3A54 /* Release */ = {
			isa = XCBuildConfiguration;
			buildSettings = {
				ALWAYS_SEARCH_USER_PATHS = NO;
				CLANG_ANALYZER_NONNULL = YES;
				CLANG_CXX_LANGUAGE_STANDARD = "gnu++0x";
				CLANG_CXX_LIBRARY = "libc++";
				CLANG_ENABLE_MODULES = YES;
				CLANG_ENABLE_OBJC_ARC = YES;
				CLANG_WARN_BOOL_CONVERSION = YES;
				CLANG_WARN_CONSTANT_CONVERSION = YES;
				CLANG_WARN_DIRECT_OBJC_ISA_USAGE = YES_ERROR;
				CLANG_WARN_DOCUMENTATION_COMMENTS = YES;
				CLANG_WARN_EMPTY_BODY = YES;
				CLANG_WARN_ENUM_CONVERSION = YES;
				CLANG_WARN_INFINITE_RECURSION = YES;
				CLANG_WARN_INT_CONVERSION = YES;
				CLANG_WARN_OBJC_ROOT_CLASS = YES_ERROR;
				CLANG_WARN_SUSPICIOUS_MOVE = YES;
				CLANG_WARN_UNREACHABLE_CODE = YES;
				CLANG_WARN__DUPLICATE_METHOD_MATCH = YES;
				"CODE_SIGN_IDENTITY[sdk=iphoneos*]" = "iPhone Developer";
				COPY_PHASE_STRIP = NO;
				DEBUG_INFORMATION_FORMAT = "dwarf-with-dsym";
				ENABLE_NS_ASSERTIONS = NO;
				ENABLE_STRICT_OBJC_MSGSEND = YES;
				GCC_C_LANGUAGE_STANDARD = gnu99;
				GCC_NO_COMMON_BLOCKS = YES;
				GCC_WARN_64_TO_32_BIT_CONVERSION = YES;
				GCC_WARN_ABOUT_RETURN_TYPE = YES_ERROR;
				GCC_WARN_UNDECLARED_SELECTOR = YES;
				GCC_WARN_UNINITIALIZED_AUTOS = YES_AGGRESSIVE;
				GCC_WARN_UNUSED_FUNCTION = YES;
				GCC_WARN_UNUSED_VARIABLE = YES;
				IPHONEOS_DEPLOYMENT_TARGET = 10.2;
				MTL_ENABLE_DEBUG_INFO = NO;
				SDKROOT = iphoneos;
				TARGETED_DEVICE_FAMILY = "1,2";
				VALIDATE_PRODUCT = YES;
			};
			name = Release;
		};
		070C9DB51E4874F300BD3A54 /* Debug */ = {
			isa = XCBuildConfiguration;
			baseConfigurationReference = 5D01B4622FEF9E495EEA4ACB /* Pods.debug.xcconfig */;
			buildSettings = {
				ASSETCATALOG_COMPILER_APPICON_NAME = AppIcon;
				DEVELOPMENT_TEAM = LKLUL3G769;
				INFOPLIST_FILE = "Project-X/Info.plist";
				IPHONEOS_DEPLOYMENT_TARGET = 10.0;
				LD_RUNPATH_SEARCH_PATHS = "$(inherited) @executable_path/Frameworks";
				PRODUCT_BUNDLE_IDENTIFIER = "chenqingxiao007.Project-X";
				PRODUCT_NAME = "$(TARGET_NAME)";
				USER_HEADER_SEARCH_PATHS = "$(PODS_ROOT)/**";
			};
			name = Debug;
		};
		070C9DB61E4874F300BD3A54 /* Release */ = {
			isa = XCBuildConfiguration;
			baseConfigurationReference = 65B4D4705B209899C4A1BAF3 /* Pods.release.xcconfig */;
			buildSettings = {
				ASSETCATALOG_COMPILER_APPICON_NAME = AppIcon;
				DEVELOPMENT_TEAM = LKLUL3G769;
				INFOPLIST_FILE = "Project-X/Info.plist";
				IPHONEOS_DEPLOYMENT_TARGET = 10.0;
				LD_RUNPATH_SEARCH_PATHS = "$(inherited) @executable_path/Frameworks";
				PRODUCT_BUNDLE_IDENTIFIER = "chenqingxiao007.Project-X";
				PRODUCT_NAME = "$(TARGET_NAME)";
				USER_HEADER_SEARCH_PATHS = "$(PODS_ROOT)/**";
			};
			name = Release;
		};
		070C9DB81E4874F300BD3A54 /* Debug */ = {
			isa = XCBuildConfiguration;
			buildSettings = {
				BUNDLE_LOADER = "$(TEST_HOST)";
				INFOPLIST_FILE = "Project-XTests/Info.plist";
				LD_RUNPATH_SEARCH_PATHS = "$(inherited) @executable_path/Frameworks @loader_path/Frameworks";
				PRODUCT_BUNDLE_IDENTIFIER = "chenqingxiao007.Project-XTests";
				PRODUCT_NAME = "$(TARGET_NAME)";
				TEST_HOST = "$(BUILT_PRODUCTS_DIR)/Project-X.app/Project-X";
			};
			name = Debug;
		};
		070C9DB91E4874F300BD3A54 /* Release */ = {
			isa = XCBuildConfiguration;
			buildSettings = {
				BUNDLE_LOADER = "$(TEST_HOST)";
				INFOPLIST_FILE = "Project-XTests/Info.plist";
				LD_RUNPATH_SEARCH_PATHS = "$(inherited) @executable_path/Frameworks @loader_path/Frameworks";
				PRODUCT_BUNDLE_IDENTIFIER = "chenqingxiao007.Project-XTests";
				PRODUCT_NAME = "$(TARGET_NAME)";
				TEST_HOST = "$(BUILT_PRODUCTS_DIR)/Project-X.app/Project-X";
			};
			name = Release;
		};
		070C9DBB1E4874F300BD3A54 /* Debug */ = {
			isa = XCBuildConfiguration;
			buildSettings = {
				INFOPLIST_FILE = "Project-XUITests/Info.plist";
				LD_RUNPATH_SEARCH_PATHS = "$(inherited) @executable_path/Frameworks @loader_path/Frameworks";
				PRODUCT_BUNDLE_IDENTIFIER = "chenqingxiao007.Project-XUITests";
				PRODUCT_NAME = "$(TARGET_NAME)";
				TEST_TARGET_NAME = "Project-X";
			};
			name = Debug;
		};
		070C9DBC1E4874F300BD3A54 /* Release */ = {
			isa = XCBuildConfiguration;
			buildSettings = {
				INFOPLIST_FILE = "Project-XUITests/Info.plist";
				LD_RUNPATH_SEARCH_PATHS = "$(inherited) @executable_path/Frameworks @loader_path/Frameworks";
				PRODUCT_BUNDLE_IDENTIFIER = "chenqingxiao007.Project-XUITests";
				PRODUCT_NAME = "$(TARGET_NAME)";
				TEST_TARGET_NAME = "Project-X";
			};
			name = Release;
		};
/* End XCBuildConfiguration section */

/* Begin XCConfigurationList section */
		070C9D821E4874F300BD3A54 /* Build configuration list for PBXProject "Project-X" */ = {
			isa = XCConfigurationList;
			buildConfigurations = (
				070C9DB21E4874F300BD3A54 /* Debug */,
				070C9DB31E4874F300BD3A54 /* Release */,
			);
			defaultConfigurationIsVisible = 0;
			defaultConfigurationName = Release;
		};
		070C9DB41E4874F300BD3A54 /* Build configuration list for PBXNativeTarget "Project-X" */ = {
			isa = XCConfigurationList;
			buildConfigurations = (
				070C9DB51E4874F300BD3A54 /* Debug */,
				070C9DB61E4874F300BD3A54 /* Release */,
			);
			defaultConfigurationIsVisible = 0;
			defaultConfigurationName = Release;
		};
		070C9DB71E4874F300BD3A54 /* Build configuration list for PBXNativeTarget "Project-XTests" */ = {
			isa = XCConfigurationList;
			buildConfigurations = (
				070C9DB81E4874F300BD3A54 /* Debug */,
				070C9DB91E4874F300BD3A54 /* Release */,
			);
			defaultConfigurationIsVisible = 0;
			defaultConfigurationName = Release;
		};
		070C9DBA1E4874F300BD3A54 /* Build configuration list for PBXNativeTarget "Project-XUITests" */ = {
			isa = XCConfigurationList;
			buildConfigurations = (
				070C9DBB1E4874F300BD3A54 /* Debug */,
				070C9DBC1E4874F300BD3A54 /* Release */,
			);
			defaultConfigurationIsVisible = 0;
			defaultConfigurationName = Release;
		};
/* End XCConfigurationList section */
	};
	rootObject = 070C9D7F1E4874F300BD3A54 /* Project object */;
}
