<?xml version="1.0" encoding="UTF-8"?>
<!DOCTYPE plist PUBLIC "-//Apple//DTD PLIST 1.0//EN" "http://www.apple.com/DTDs/PropertyList-1.0.dtd">
<plist version="1.0">
<dict>
	<key>archiveVersion</key>
	<string>1</string>
	<key>classes</key>
	<dict/>
	<key>objectVersion</key>
	<string>46</string>
	<key>objects</key>
	<dict>
		<key>0213DAC01E5D656900FB9D48</key>
		<dict>
			<key>children</key>
			<array>
				<string>0213DAD61E5D8A4200FB9D48</string>
				<string>0213DAD71E5D8A4200FB9D48</string>
			</array>
			<key>isa</key>
			<string>PBXGroup</string>
			<key>path</key>
			<string>Model</string>
			<key>sourceTree</key>
			<string>&lt;group&gt;</string>
		</dict>
		<key>0213DAC11E5D656900FB9D48</key>
		<dict>
			<key>children</key>
			<array>
				<string>029FF3D61E5E86090098E024</string>
				<string>029FF3D71E5E86090098E024</string>
				<string>026F582E1E5FCF780011FB8D</string>
				<string>026F582F1E5FCF780011FB8D</string>
				<string>026F58311E5FFCBB0011FB8D</string>
				<string>026F58321E5FFCBB0011FB8D</string>
			</array>
			<key>isa</key>
			<string>PBXGroup</string>
			<key>path</key>
			<string>View</string>
			<key>sourceTree</key>
			<string>&lt;group&gt;</string>
		</dict>
		<key>0213DACF1E5D75C400FB9D48</key>
		<dict>
			<key>fileEncoding</key>
			<string>4</string>
			<key>isa</key>
			<string>PBXFileReference</string>
			<key>lastKnownFileType</key>
			<string>sourcecode.c.h</string>
			<key>path</key>
			<string>ZQUserMessage.h</string>
			<key>sourceTree</key>
			<string>&lt;group&gt;</string>
		</dict>
		<key>0213DAD01E5D75C400FB9D48</key>
		<dict>
			<key>fileEncoding</key>
			<string>4</string>
			<key>isa</key>
			<string>PBXFileReference</string>
			<key>lastKnownFileType</key>
			<string>sourcecode.c.objc</string>
			<key>path</key>
			<string>ZQUserMessage.m</string>
			<key>sourceTree</key>
			<string>&lt;group&gt;</string>
		</dict>
		<key>0213DAD11E5D75C400FB9D48</key>
		<dict>
			<key>fileRef</key>
			<string>0213DAD01E5D75C400FB9D48</string>
			<key>isa</key>
			<string>PBXBuildFile</string>
		</dict>
		<key>0213DAD21E5D772500FB9D48</key>
		<dict>
			<key>children</key>
			<array/>
			<key>isa</key>
			<string>PBXGroup</string>
			<key>path</key>
			<string>Model</string>
			<key>sourceTree</key>
			<string>&lt;group&gt;</string>
		</dict>
		<key>0213DAD61E5D8A4200FB9D48</key>
		<dict>
			<key>fileEncoding</key>
			<string>4</string>
			<key>isa</key>
			<string>PBXFileReference</string>
			<key>lastKnownFileType</key>
			<string>sourcecode.c.h</string>
			<key>path</key>
			<string>ZQCellModel.h</string>
			<key>sourceTree</key>
			<string>&lt;group&gt;</string>
		</dict>
		<key>0213DAD71E5D8A4200FB9D48</key>
		<dict>
			<key>fileEncoding</key>
			<string>4</string>
			<key>isa</key>
			<string>PBXFileReference</string>
			<key>lastKnownFileType</key>
			<string>sourcecode.c.objc</string>
			<key>path</key>
			<string>ZQCellModel.m</string>
			<key>sourceTree</key>
			<string>&lt;group&gt;</string>
		</dict>
		<key>0213DAD81E5D8A4200FB9D48</key>
		<dict>
			<key>fileRef</key>
			<string>0213DAD71E5D8A4200FB9D48</string>
			<key>isa</key>
			<string>PBXBuildFile</string>
		</dict>
		<key>024DC1151E5C21C600405561</key>
		<dict>
			<key>children</key>
			<array>
				<string>024DC1171E5C21F200405561</string>
				<string>024DC1181E5C21F200405561</string>
				<string>0213DACF1E5D75C400FB9D48</string>
				<string>0213DAD01E5D75C400FB9D48</string>
			</array>
			<key>isa</key>
			<string>PBXGroup</string>
			<key>path</key>
			<string>Model</string>
			<key>sourceTree</key>
			<string>&lt;group&gt;</string>
		</dict>
		<key>024DC1161E5C21C600405561</key>
		<dict>
			<key>children</key>
			<array/>
			<key>isa</key>
			<string>PBXGroup</string>
			<key>path</key>
			<string>View</string>
			<key>sourceTree</key>
			<string>&lt;group&gt;</string>
		</dict>
		<key>024DC1171E5C21F200405561</key>
		<dict>
			<key>fileEncoding</key>
			<string>4</string>
			<key>isa</key>
			<string>PBXFileReference</string>
			<key>lastKnownFileType</key>
			<string>sourcecode.c.h</string>
			<key>path</key>
			<string>ZQAccount.h</string>
			<key>sourceTree</key>
			<string>&lt;group&gt;</string>
		</dict>
		<key>024DC1181E5C21F200405561</key>
		<dict>
			<key>fileEncoding</key>
			<string>4</string>
			<key>isa</key>
			<string>PBXFileReference</string>
			<key>lastKnownFileType</key>
			<string>sourcecode.c.objc</string>
			<key>path</key>
			<string>ZQAccount.m</string>
			<key>sourceTree</key>
			<string>&lt;group&gt;</string>
		</dict>
		<key>024DC1191E5C21F200405561</key>
		<dict>
			<key>fileRef</key>
			<string>024DC1181E5C21F200405561</string>
			<key>isa</key>
			<string>PBXBuildFile</string>
		</dict>
		<key>024DC11A1E5C222400405561</key>
		<dict>
			<key>fileEncoding</key>
			<string>4</string>
			<key>isa</key>
			<string>PBXFileReference</string>
			<key>lastKnownFileType</key>
			<string>sourcecode.c.h</string>
			<key>path</key>
			<string>ZQAccountTool.h</string>
			<key>sourceTree</key>
			<string>&lt;group&gt;</string>
		</dict>
		<key>024DC11B1E5C222400405561</key>
		<dict>
			<key>fileEncoding</key>
			<string>4</string>
			<key>isa</key>
			<string>PBXFileReference</string>
			<key>lastKnownFileType</key>
			<string>sourcecode.c.objc</string>
			<key>path</key>
			<string>ZQAccountTool.m</string>
			<key>sourceTree</key>
			<string>&lt;group&gt;</string>
		</dict>
		<key>024DC11C1E5C222400405561</key>
		<dict>
			<key>fileRef</key>
			<string>024DC11B1E5C222400405561</string>
			<key>isa</key>
			<string>PBXBuildFile</string>
		</dict>
		<key>026F58271E5FCDEF0011FB8D</key>
		<dict>
			<key>children</key>
			<array>
				<string>026F58281E5FCDF60011FB8D</string>
				<string>026F58291E5FCDF60011FB8D</string>
			</array>
			<key>isa</key>
			<string>PBXGroup</string>
			<key>path</key>
			<string>Category</string>
			<key>sourceTree</key>
			<string>&lt;group&gt;</string>
		</dict>
		<key>026F58281E5FCDF60011FB8D</key>
		<dict>
			<key>fileEncoding</key>
			<string>4</string>
			<key>isa</key>
			<string>PBXFileReference</string>
			<key>lastKnownFileType</key>
			<string>sourcecode.c.h</string>
			<key>path</key>
			<string>UIColor+ex.h</string>
			<key>sourceTree</key>
			<string>&lt;group&gt;</string>
		</dict>
		<key>026F58291E5FCDF60011FB8D</key>
		<dict>
			<key>fileEncoding</key>
			<string>4</string>
			<key>isa</key>
			<string>PBXFileReference</string>
			<key>lastKnownFileType</key>
			<string>sourcecode.c.objc</string>
			<key>path</key>
			<string>UIColor+ex.m</string>
			<key>sourceTree</key>
			<string>&lt;group&gt;</string>
		</dict>
		<key>026F582A1E5FCDF60011FB8D</key>
		<dict>
			<key>fileRef</key>
			<string>026F58291E5FCDF60011FB8D</string>
			<key>isa</key>
			<string>PBXBuildFile</string>
		</dict>
		<key>026F582E1E5FCF780011FB8D</key>
		<dict>
			<key>fileEncoding</key>
			<string>4</string>
			<key>isa</key>
			<string>PBXFileReference</string>
			<key>lastKnownFileType</key>
			<string>sourcecode.c.h</string>
			<key>path</key>
			<string>ZQMyHeaderBtn.h</string>
			<key>sourceTree</key>
			<string>&lt;group&gt;</string>
		</dict>
		<key>026F582F1E5FCF780011FB8D</key>
		<dict>
			<key>fileEncoding</key>
			<string>4</string>
			<key>isa</key>
			<string>PBXFileReference</string>
			<key>lastKnownFileType</key>
			<string>sourcecode.c.objc</string>
			<key>path</key>
			<string>ZQMyHeaderBtn.m</string>
			<key>sourceTree</key>
			<string>&lt;group&gt;</string>
		</dict>
		<key>026F58301E5FCF780011FB8D</key>
		<dict>
			<key>fileRef</key>
			<string>026F582F1E5FCF780011FB8D</string>
			<key>isa</key>
			<string>PBXBuildFile</string>
		</dict>
		<key>026F58311E5FFCBB0011FB8D</key>
		<dict>
			<key>fileEncoding</key>
			<string>4</string>
			<key>isa</key>
			<string>PBXFileReference</string>
			<key>lastKnownFileType</key>
			<string>sourcecode.c.h</string>
			<key>path</key>
			<string>ZQMyCell.h</string>
			<key>sourceTree</key>
			<string>&lt;group&gt;</string>
		</dict>
		<key>026F58321E5FFCBB0011FB8D</key>
		<dict>
			<key>fileEncoding</key>
			<string>4</string>
			<key>isa</key>
			<string>PBXFileReference</string>
			<key>lastKnownFileType</key>
			<string>sourcecode.c.objc</string>
			<key>path</key>
			<string>ZQMyCell.m</string>
			<key>sourceTree</key>
			<string>&lt;group&gt;</string>
		</dict>
		<key>026F58331E5FFCBB0011FB8D</key>
		<dict>
			<key>fileRef</key>
			<string>026F58321E5FFCBB0011FB8D</string>
			<key>isa</key>
			<string>PBXBuildFile</string>
		</dict>
		<key>029FF3D61E5E86090098E024</key>
		<dict>
			<key>fileEncoding</key>
			<string>4</string>
			<key>isa</key>
			<string>PBXFileReference</string>
			<key>lastKnownFileType</key>
			<string>sourcecode.c.h</string>
			<key>path</key>
			<string>ZQMyHeaderCell.h</string>
			<key>sourceTree</key>
			<string>&lt;group&gt;</string>
		</dict>
		<key>029FF3D71E5E86090098E024</key>
		<dict>
			<key>fileEncoding</key>
			<string>4</string>
			<key>isa</key>
			<string>PBXFileReference</string>
			<key>lastKnownFileType</key>
			<string>sourcecode.c.objc</string>
			<key>path</key>
			<string>ZQMyHeaderCell.m</string>
			<key>sourceTree</key>
			<string>&lt;group&gt;</string>
		</dict>
		<key>029FF3D81E5E86090098E024</key>
		<dict>
			<key>fileRef</key>
			<string>029FF3D71E5E86090098E024</string>
			<key>isa</key>
			<string>PBXBuildFile</string>
		</dict>
		<key>029FF3D91E5E8C8C0098E024</key>
		<dict>
			<key>fileEncoding</key>
			<string>4</string>
			<key>isa</key>
			<string>PBXFileReference</string>
			<key>lastKnownFileType</key>
			<string>sourcecode.c.h</string>
			<key>path</key>
			<string>ZQGlobleMessage.h</string>
			<key>sourceTree</key>
			<string>&lt;group&gt;</string>
		</dict>
		<key>029FF3DA1E5E8C8C0098E024</key>
		<dict>
			<key>fileEncoding</key>
			<string>4</string>
			<key>isa</key>
			<string>PBXFileReference</string>
			<key>lastKnownFileType</key>
			<string>sourcecode.c.objc</string>
			<key>path</key>
			<string>ZQGlobleMessage.m</string>
			<key>sourceTree</key>
			<string>&lt;group&gt;</string>
		</dict>
		<key>029FF3DB1E5E8C8C0098E024</key>
		<dict>
			<key>fileRef</key>
			<string>029FF3DA1E5E8C8C0098E024</string>
			<key>isa</key>
			<string>PBXBuildFile</string>
		</dict>
		<key>070C9D7E1E4874F300BD3A54</key>
		<dict>
			<key>children</key>
			<array>
				<string>070C9D891E4874F300BD3A54</string>
				<string>070C9DA31E4874F300BD3A54</string>
				<string>070C9DAE1E4874F300BD3A54</string>
				<string>070C9D881E4874F300BD3A54</string>
				<string>2D8C6E5B191C070247F160D0</string>
				<string>2D491521DEAA88015E13C4DD</string>
			</array>
			<key>isa</key>
			<string>PBXGroup</string>
			<key>sourceTree</key>
			<string>&lt;group&gt;</string>
		</dict>
		<key>070C9D7F1E4874F300BD3A54</key>
		<dict>
			<key>attributes</key>
			<dict>
				<key>CLASSPREFIX</key>
				<string>ZQ</string>
				<key>LastUpgradeCheck</key>
				<string>0820</string>
				<key>ORGANIZATIONNAME</key>
				<string>&#38472;&#25806;&#38660;</string>
				<key>TargetAttributes</key>
				<dict>
					<key>070C9D861E4874F300BD3A54</key>
					<dict>
						<key>CreatedOnToolsVersion</key>
						<string>8.2.1</string>
						<key>DevelopmentTeam</key>
						<string>LKLUL3G769</string>
						<key>ProvisioningStyle</key>
						<string>Automatic</string>
					</dict>
					<key>070C9D9F1E4874F300BD3A54</key>
					<dict>
						<key>CreatedOnToolsVersion</key>
						<string>8.2.1</string>
						<key>ProvisioningStyle</key>
						<string>Automatic</string>
						<key>TestTargetID</key>
						<string>070C9D861E4874F300BD3A54</string>
					</dict>
					<key>070C9DAA1E4874F300BD3A54</key>
					<dict>
						<key>CreatedOnToolsVersion</key>
						<string>8.2.1</string>
						<key>ProvisioningStyle</key>
						<string>Automatic</string>
						<key>TestTargetID</key>
						<string>070C9D861E4874F300BD3A54</string>
					</dict>
				</dict>
			</dict>
			<key>buildConfigurationList</key>
			<string>070C9D821E4874F300BD3A54</string>
			<key>compatibilityVersion</key>
			<string>Xcode 3.2</string>
			<key>developmentRegion</key>
			<string>English</string>
			<key>hasScannedForEncodings</key>
			<string>0</string>
			<key>isa</key>
			<string>PBXProject</string>
			<key>knownRegions</key>
			<array>
				<string>en</string>
				<string>Base</string>
			</array>
			<key>mainGroup</key>
			<string>070C9D7E1E4874F300BD3A54</string>
			<key>productRefGroup</key>
			<string>070C9D881E4874F300BD3A54</string>
			<key>projectDirPath</key>
			<string></string>
			<key>projectReferences</key>
			<array/>
			<key>projectRoot</key>
			<string></string>
			<key>targets</key>
			<array>
				<string>070C9D861E4874F300BD3A54</string>
				<string>070C9D9F1E4874F300BD3A54</string>
				<string>070C9DAA1E4874F300BD3A54</string>
			</array>
		</dict>
		<key>070C9D821E4874F300BD3A54</key>
		<dict>
			<key>buildConfigurations</key>
			<array>
				<string>070C9DB21E4874F300BD3A54</string>
				<string>070C9DB31E4874F300BD3A54</string>
			</array>
			<key>defaultConfigurationIsVisible</key>
			<string>0</string>
			<key>defaultConfigurationName</key>
			<string>Release</string>
			<key>isa</key>
			<string>XCConfigurationList</string>
		</dict>
		<key>070C9D831E4874F300BD3A54</key>
		<dict>
			<key>buildActionMask</key>
			<string>2147483647</string>
			<key>files</key>
			<array>
				<string>024DC11C1E5C222400405561</string>
				<string>029FF3DB1E5E8C8C0098E024</string>
				<string>454BDFB11E61D9A00099C14A</string>
				<string>026F582A1E5FCDF60011FB8D</string>
				<string>45A43E9F1E4C07A300C64CE2</string>
				<string>07F40F391E56E701008338A2</string>
				<string>4504A6091E5DE56600E6DBDA</string>
				<string>070C9D921E4874F300BD3A54</string>
				<string>029FF3D81E5E86090098E024</string>
				<string>45A43E961E4C06EC00C64CE2</string>
				<string>070C9DCA1E4D9B5000BD3A54</string>
				<string>0213DAD81E5D8A4200FB9D48</string>
				<string>0213DAD11E5D75C400FB9D48</string>
				<string>45A43EA21E4C07C200C64CE2</string>
				<string>45A43EA51E4C07DE00C64CE2</string>
				<string>026F58331E5FFCBB0011FB8D</string>
				<string>45A43E931E4C06E000C64CE2</string>
				<string>026F58301E5FCF780011FB8D</string>
				<string>4504A6061E5DE53C00E6DBDA</string>
				<string>070C9D8C1E4874F300BD3A54</string>
				<string>45A43EA81E4C08AB00C64CE2</string>
				<string>07F40F351E56D871008338A2</string>
				<string>024DC1191E5C21F200405561</string>
				<string>07F40F321E56D735008338A2</string>
				<string>45A43E991E4C070600C64CE2</string>
				<string>454BDFB41E61E4770099C14A</string>
			</array>
			<key>isa</key>
			<string>PBXSourcesBuildPhase</string>
			<key>runOnlyForDeploymentPostprocessing</key>
			<string>0</string>
		</dict>
		<key>070C9D841E4874F300BD3A54</key>
		<dict>
			<key>buildActionMask</key>
			<string>2147483647</string>
			<key>files</key>
			<array>
				<string>895C66D7E6B14CC6E756912C</string>
			</array>
			<key>isa</key>
			<string>PBXFrameworksBuildPhase</string>
			<key>runOnlyForDeploymentPostprocessing</key>
			<string>0</string>
		</dict>
		<key>070C9D851E4874F300BD3A54</key>
		<dict>
			<key>buildActionMask</key>
			<string>2147483647</string>
			<key>files</key>
			<array>
				<string>070C9D9A1E4874F300BD3A54</string>
				<string>070C9D971E4874F300BD3A54</string>
				<string>070C9D951E4874F300BD3A54</string>
			</array>
			<key>isa</key>
			<string>PBXResourcesBuildPhase</string>
			<key>runOnlyForDeploymentPostprocessing</key>
			<string>0</string>
		</dict>
		<key>070C9D861E4874F300BD3A54</key>
		<dict>
			<key>buildConfigurationList</key>
			<string>070C9DB41E4874F300BD3A54</string>
			<key>buildPhases</key>
			<array>
				<string>52D2011B190CB688642ECD80</string>
				<string>070C9D831E4874F300BD3A54</string>
				<string>070C9D841E4874F300BD3A54</string>
				<string>070C9D851E4874F300BD3A54</string>
				<string>FC885786AA34D1FBB416CC1E</string>
				<string>560308AC8D37C69815C9F7C5</string>
				<string>2214E9CCFAB07EB7697595D6</string>
			</array>
			<key>buildRules</key>
			<array/>
			<key>dependencies</key>
			<array/>
			<key>isa</key>
			<string>PBXNativeTarget</string>
			<key>name</key>
			<string>Project-X</string>
			<key>productName</key>
			<string>Project-X</string>
			<key>productReference</key>
			<string>070C9D871E4874F300BD3A54</string>
			<key>productType</key>
			<string>com.apple.product-type.application</string>
		</dict>
		<key>070C9D871E4874F300BD3A54</key>
		<dict>
			<key>explicitFileType</key>
			<string>wrapper.application</string>
			<key>includeInIndex</key>
			<string>0</string>
			<key>isa</key>
			<string>PBXFileReference</string>
			<key>path</key>
			<string>Project-X.app</string>
			<key>sourceTree</key>
			<string>BUILT_PRODUCTS_DIR</string>
		</dict>
		<key>070C9D881E4874F300BD3A54</key>
		<dict>
			<key>children</key>
			<array>
				<string>070C9D871E4874F300BD3A54</string>
				<string>070C9DA01E4874F300BD3A54</string>
				<string>070C9DAB1E4874F300BD3A54</string>
			</array>
			<key>isa</key>
			<string>PBXGroup</string>
			<key>name</key>
			<string>Products</string>
			<key>sourceTree</key>
			<string>&lt;group&gt;</string>
		</dict>
		<key>070C9D891E4874F300BD3A54</key>
		<dict>
			<key>children</key>
			<array>
				<string>45A43E731E4C060900C64CE2</string>
				<string>070C9D901E4874F300BD3A54</string>
				<string>070C9D911E4874F300BD3A54</string>
				<string>070C9D8A1E4874F300BD3A54</string>
			</array>
			<key>isa</key>
			<string>PBXGroup</string>
			<key>path</key>
			<string>Project-X</string>
			<key>sourceTree</key>
			<string>&lt;group&gt;</string>
		</dict>
		<key>070C9D8A1E4874F300BD3A54</key>
		<dict>
			<key>children</key>
			<array>
				<string>070C9D931E4874F300BD3A54</string>
				<string>070C9D961E4874F300BD3A54</string>
				<string>070C9D981E4874F300BD3A54</string>
				<string>070C9D9B1E4874F300BD3A54</string>
				<string>070C9D8B1E4874F300BD3A54</string>
				<string>070C9DCB1E4D9BD200BD3A54</string>
			</array>
			<key>isa</key>
			<string>PBXGroup</string>
			<key>name</key>
			<string>Supporting Files</string>
			<key>sourceTree</key>
			<string>&lt;group&gt;</string>
		</dict>
		<key>070C9D8B1E4874F300BD3A54</key>
		<dict>
			<key>isa</key>
			<string>PBXFileReference</string>
			<key>lastKnownFileType</key>
			<string>sourcecode.c.objc</string>
			<key>path</key>
			<string>main.m</string>
			<key>sourceTree</key>
			<string>&lt;group&gt;</string>
		</dict>
		<key>070C9D8C1E4874F300BD3A54</key>
		<dict>
			<key>fileRef</key>
			<string>070C9D8B1E4874F300BD3A54</string>
			<key>isa</key>
			<string>PBXBuildFile</string>
		</dict>
		<key>070C9D901E4874F300BD3A54</key>
		<dict>
			<key>isa</key>
			<string>PBXFileReference</string>
			<key>lastKnownFileType</key>
			<string>sourcecode.c.h</string>
			<key>path</key>
			<string>ViewController.h</string>
			<key>sourceTree</key>
			<string>&lt;group&gt;</string>
		</dict>
		<key>070C9D911E4874F300BD3A54</key>
		<dict>
			<key>isa</key>
			<string>PBXFileReference</string>
			<key>lastKnownFileType</key>
			<string>sourcecode.c.objc</string>
			<key>path</key>
			<string>ViewController.m</string>
			<key>sourceTree</key>
			<string>&lt;group&gt;</string>
		</dict>
		<key>070C9D921E4874F300BD3A54</key>
		<dict>
			<key>fileRef</key>
			<string>070C9D911E4874F300BD3A54</string>
			<key>isa</key>
			<string>PBXBuildFile</string>
		</dict>
		<key>070C9D931E4874F300BD3A54</key>
		<dict>
			<key>children</key>
			<array>
				<string>070C9D941E4874F300BD3A54</string>
			</array>
			<key>isa</key>
			<string>PBXVariantGroup</string>
			<key>name</key>
			<string>Main.storyboard</string>
			<key>sourceTree</key>
			<string>&lt;group&gt;</string>
		</dict>
		<key>070C9D941E4874F300BD3A54</key>
		<dict>
			<key>isa</key>
			<string>PBXFileReference</string>
			<key>lastKnownFileType</key>
			<string>file.storyboard</string>
			<key>name</key>
			<string>Base</string>
			<key>path</key>
			<string>Base.lproj/Main.storyboard</string>
			<key>sourceTree</key>
			<string>&lt;group&gt;</string>
		</dict>
		<key>070C9D951E4874F300BD3A54</key>
		<dict>
			<key>fileRef</key>
			<string>070C9D931E4874F300BD3A54</string>
			<key>isa</key>
			<string>PBXBuildFile</string>
		</dict>
		<key>070C9D961E4874F300BD3A54</key>
		<dict>
			<key>isa</key>
			<string>PBXFileReference</string>
			<key>lastKnownFileType</key>
			<string>folder.assetcatalog</string>
			<key>path</key>
			<string>Assets.xcassets</string>
			<key>sourceTree</key>
			<string>&lt;group&gt;</string>
		</dict>
		<key>070C9D971E4874F300BD3A54</key>
		<dict>
			<key>fileRef</key>
			<string>070C9D961E4874F300BD3A54</string>
			<key>isa</key>
			<string>PBXBuildFile</string>
		</dict>
		<key>070C9D981E4874F300BD3A54</key>
		<dict>
			<key>children</key>
			<array>
				<string>070C9D991E4874F300BD3A54</string>
			</array>
			<key>isa</key>
			<string>PBXVariantGroup</string>
			<key>name</key>
			<string>LaunchScreen.storyboard</string>
			<key>sourceTree</key>
			<string>&lt;group&gt;</string>
		</dict>
		<key>070C9D991E4874F300BD3A54</key>
		<dict>
			<key>isa</key>
			<string>PBXFileReference</string>
			<key>lastKnownFileType</key>
			<string>file.storyboard</string>
			<key>name</key>
			<string>Base</string>
			<key>path</key>
			<string>Base.lproj/LaunchScreen.storyboard</string>
			<key>sourceTree</key>
			<string>&lt;group&gt;</string>
		</dict>
		<key>070C9D9A1E4874F300BD3A54</key>
		<dict>
			<key>fileRef</key>
			<string>070C9D981E4874F300BD3A54</string>
			<key>isa</key>
			<string>PBXBuildFile</string>
		</dict>
		<key>070C9D9B1E4874F300BD3A54</key>
		<dict>
			<key>isa</key>
			<string>PBXFileReference</string>
			<key>lastKnownFileType</key>
			<string>text.plist.xml</string>
			<key>path</key>
			<string>Info.plist</string>
			<key>sourceTree</key>
			<string>&lt;group&gt;</string>
		</dict>
		<key>070C9D9C1E4874F300BD3A54</key>
		<dict>
			<key>buildActionMask</key>
			<string>2147483647</string>
			<key>files</key>
			<array>
				<string>070C9DA51E4874F300BD3A54</string>
			</array>
			<key>isa</key>
			<string>PBXSourcesBuildPhase</string>
			<key>runOnlyForDeploymentPostprocessing</key>
			<string>0</string>
		</dict>
		<key>070C9D9D1E4874F300BD3A54</key>
		<dict>
			<key>buildActionMask</key>
			<string>2147483647</string>
			<key>files</key>
			<array/>
			<key>isa</key>
			<string>PBXFrameworksBuildPhase</string>
			<key>runOnlyForDeploymentPostprocessing</key>
			<string>0</string>
		</dict>
		<key>070C9D9E1E4874F300BD3A54</key>
		<dict>
			<key>buildActionMask</key>
			<string>2147483647</string>
			<key>files</key>
			<array/>
			<key>isa</key>
			<string>PBXResourcesBuildPhase</string>
			<key>runOnlyForDeploymentPostprocessing</key>
			<string>0</string>
		</dict>
		<key>070C9D9F1E4874F300BD3A54</key>
		<dict>
			<key>buildConfigurationList</key>
			<string>070C9DB71E4874F300BD3A54</string>
			<key>buildPhases</key>
			<array>
				<string>070C9D9C1E4874F300BD3A54</string>
				<string>070C9D9D1E4874F300BD3A54</string>
				<string>070C9D9E1E4874F300BD3A54</string>
			</array>
			<key>buildRules</key>
			<array/>
			<key>dependencies</key>
			<array>
				<string>070C9DA21E4874F300BD3A54</string>
			</array>
			<key>isa</key>
			<string>PBXNativeTarget</string>
			<key>name</key>
			<string>Project-XTests</string>
			<key>productName</key>
			<string>Project-XTests</string>
			<key>productReference</key>
			<string>070C9DA01E4874F300BD3A54</string>
			<key>productType</key>
			<string>com.apple.product-type.bundle.unit-test</string>
		</dict>
		<key>070C9DA01E4874F300BD3A54</key>
		<dict>
			<key>explicitFileType</key>
			<string>wrapper.cfbundle</string>
			<key>includeInIndex</key>
			<string>0</string>
			<key>isa</key>
			<string>PBXFileReference</string>
			<key>path</key>
			<string>Project-XTests.xctest</string>
			<key>sourceTree</key>
			<string>BUILT_PRODUCTS_DIR</string>
		</dict>
		<key>070C9DA11E4874F300BD3A54</key>
		<dict>
			<key>containerPortal</key>
			<string>070C9D7F1E4874F300BD3A54</string>
			<key>isa</key>
			<string>PBXContainerItemProxy</string>
			<key>proxyType</key>
			<string>1</string>
			<key>remoteGlobalIDString</key>
			<string>070C9D861E4874F300BD3A54</string>
			<key>remoteInfo</key>
			<string>Project-X</string>
		</dict>
		<key>070C9DA21E4874F300BD3A54</key>
		<dict>
			<key>isa</key>
			<string>PBXTargetDependency</string>
			<key>target</key>
			<string>070C9D861E4874F300BD3A54</string>
			<key>targetProxy</key>
			<string>070C9DA11E4874F300BD3A54</string>
		</dict>
		<key>070C9DA31E4874F300BD3A54</key>
		<dict>
			<key>children</key>
			<array>
				<string>070C9DA41E4874F300BD3A54</string>
				<string>070C9DA61E4874F300BD3A54</string>
			</array>
			<key>isa</key>
			<string>PBXGroup</string>
			<key>path</key>
			<string>Project-XTests</string>
			<key>sourceTree</key>
			<string>&lt;group&gt;</string>
		</dict>
		<key>070C9DA41E4874F300BD3A54</key>
		<dict>
			<key>isa</key>
			<string>PBXFileReference</string>
			<key>lastKnownFileType</key>
			<string>sourcecode.c.objc</string>
			<key>path</key>
			<string>Project_XTests.m</string>
			<key>sourceTree</key>
			<string>&lt;group&gt;</string>
		</dict>
		<key>070C9DA51E4874F300BD3A54</key>
		<dict>
			<key>fileRef</key>
			<string>070C9DA41E4874F300BD3A54</string>
			<key>isa</key>
			<string>PBXBuildFile</string>
		</dict>
		<key>070C9DA61E4874F300BD3A54</key>
		<dict>
			<key>isa</key>
			<string>PBXFileReference</string>
			<key>lastKnownFileType</key>
			<string>text.plist.xml</string>
			<key>path</key>
			<string>Info.plist</string>
			<key>sourceTree</key>
			<string>&lt;group&gt;</string>
		</dict>
		<key>070C9DA71E4874F300BD3A54</key>
		<dict>
			<key>buildActionMask</key>
			<string>2147483647</string>
			<key>files</key>
			<array>
				<string>070C9DB01E4874F300BD3A54</string>
			</array>
			<key>isa</key>
			<string>PBXSourcesBuildPhase</string>
			<key>runOnlyForDeploymentPostprocessing</key>
			<string>0</string>
		</dict>
		<key>070C9DA81E4874F300BD3A54</key>
		<dict>
			<key>buildActionMask</key>
			<string>2147483647</string>
			<key>files</key>
			<array/>
			<key>isa</key>
			<string>PBXFrameworksBuildPhase</string>
			<key>runOnlyForDeploymentPostprocessing</key>
			<string>0</string>
		</dict>
		<key>070C9DA91E4874F300BD3A54</key>
		<dict>
			<key>buildActionMask</key>
			<string>2147483647</string>
			<key>files</key>
			<array/>
			<key>isa</key>
			<string>PBXResourcesBuildPhase</string>
			<key>runOnlyForDeploymentPostprocessing</key>
			<string>0</string>
		</dict>
		<key>070C9DAA1E4874F300BD3A54</key>
		<dict>
			<key>buildConfigurationList</key>
			<string>070C9DBA1E4874F300BD3A54</string>
			<key>buildPhases</key>
			<array>
				<string>070C9DA71E4874F300BD3A54</string>
				<string>070C9DA81E4874F300BD3A54</string>
				<string>070C9DA91E4874F300BD3A54</string>
			</array>
			<key>buildRules</key>
			<array/>
			<key>dependencies</key>
			<array>
				<string>070C9DAD1E4874F300BD3A54</string>
			</array>
			<key>isa</key>
			<string>PBXNativeTarget</string>
			<key>name</key>
			<string>Project-XUITests</string>
			<key>productName</key>
			<string>Project-XUITests</string>
			<key>productReference</key>
			<string>070C9DAB1E4874F300BD3A54</string>
			<key>productType</key>
			<string>com.apple.product-type.bundle.ui-testing</string>
		</dict>
		<key>070C9DAB1E4874F300BD3A54</key>
		<dict>
			<key>explicitFileType</key>
			<string>wrapper.cfbundle</string>
			<key>includeInIndex</key>
			<string>0</string>
			<key>isa</key>
			<string>PBXFileReference</string>
			<key>path</key>
			<string>Project-XUITests.xctest</string>
			<key>sourceTree</key>
			<string>BUILT_PRODUCTS_DIR</string>
		</dict>
		<key>070C9DAC1E4874F300BD3A54</key>
		<dict>
			<key>containerPortal</key>
			<string>070C9D7F1E4874F300BD3A54</string>
			<key>isa</key>
			<string>PBXContainerItemProxy</string>
			<key>proxyType</key>
			<string>1</string>
			<key>remoteGlobalIDString</key>
			<string>070C9D861E4874F300BD3A54</string>
			<key>remoteInfo</key>
			<string>Project-X</string>
		</dict>
		<key>070C9DAD1E4874F300BD3A54</key>
		<dict>
			<key>isa</key>
			<string>PBXTargetDependency</string>
			<key>target</key>
			<string>070C9D861E4874F300BD3A54</string>
			<key>targetProxy</key>
			<string>070C9DAC1E4874F300BD3A54</string>
		</dict>
		<key>070C9DAE1E4874F300BD3A54</key>
		<dict>
			<key>children</key>
			<array>
				<string>070C9DAF1E4874F300BD3A54</string>
				<string>070C9DB11E4874F300BD3A54</string>
			</array>
			<key>isa</key>
			<string>PBXGroup</string>
			<key>path</key>
			<string>Project-XUITests</string>
			<key>sourceTree</key>
			<string>&lt;group&gt;</string>
		</dict>
		<key>070C9DAF1E4874F300BD3A54</key>
		<dict>
			<key>isa</key>
			<string>PBXFileReference</string>
			<key>lastKnownFileType</key>
			<string>sourcecode.c.objc</string>
			<key>path</key>
			<string>Project_XUITests.m</string>
			<key>sourceTree</key>
			<string>&lt;group&gt;</string>
		</dict>
		<key>070C9DB01E4874F300BD3A54</key>
		<dict>
			<key>fileRef</key>
			<string>070C9DAF1E4874F300BD3A54</string>
			<key>isa</key>
			<string>PBXBuildFile</string>
		</dict>
		<key>070C9DB11E4874F300BD3A54</key>
		<dict>
			<key>isa</key>
			<string>PBXFileReference</string>
			<key>lastKnownFileType</key>
			<string>text.plist.xml</string>
			<key>path</key>
			<string>Info.plist</string>
			<key>sourceTree</key>
			<string>&lt;group&gt;</string>
		</dict>
		<key>070C9DB21E4874F300BD3A54</key>
		<dict>
			<key>buildSettings</key>
			<dict>
				<key>ALWAYS_SEARCH_USER_PATHS</key>
				<string>NO</string>
				<key>CLANG_ANALYZER_NONNULL</key>
				<string>YES</string>
				<key>CLANG_CXX_LANGUAGE_STANDARD</key>
				<string>gnu++0x</string>
				<key>CLANG_CXX_LIBRARY</key>
				<string>libc++</string>
				<key>CLANG_ENABLE_MODULES</key>
				<string>YES</string>
				<key>CLANG_ENABLE_OBJC_ARC</key>
				<string>YES</string>
				<key>CLANG_WARN_BOOL_CONVERSION</key>
				<string>YES</string>
				<key>CLANG_WARN_CONSTANT_CONVERSION</key>
				<string>YES</string>
				<key>CLANG_WARN_DIRECT_OBJC_ISA_USAGE</key>
				<string>YES_ERROR</string>
				<key>CLANG_WARN_DOCUMENTATION_COMMENTS</key>
				<string>YES</string>
				<key>CLANG_WARN_EMPTY_BODY</key>
				<string>YES</string>
				<key>CLANG_WARN_ENUM_CONVERSION</key>
				<string>YES</string>
				<key>CLANG_WARN_INFINITE_RECURSION</key>
				<string>YES</string>
				<key>CLANG_WARN_INT_CONVERSION</key>
				<string>YES</string>
				<key>CLANG_WARN_OBJC_ROOT_CLASS</key>
				<string>YES_ERROR</string>
				<key>CLANG_WARN_SUSPICIOUS_MOVE</key>
				<string>YES</string>
				<key>CLANG_WARN_UNREACHABLE_CODE</key>
				<string>YES</string>
				<key>CLANG_WARN__DUPLICATE_METHOD_MATCH</key>
				<string>YES</string>
				<key>CODE_SIGN_IDENTITY[sdk=iphoneos*]</key>
				<string>iPhone Developer</string>
				<key>COPY_PHASE_STRIP</key>
				<string>NO</string>
				<key>DEBUG_INFORMATION_FORMAT</key>
				<string>dwarf</string>
				<key>ENABLE_STRICT_OBJC_MSGSEND</key>
				<string>YES</string>
				<key>ENABLE_TESTABILITY</key>
				<string>YES</string>
				<key>GCC_C_LANGUAGE_STANDARD</key>
				<string>gnu99</string>
				<key>GCC_DYNAMIC_NO_PIC</key>
				<string>NO</string>
				<key>GCC_NO_COMMON_BLOCKS</key>
				<string>YES</string>
				<key>GCC_OPTIMIZATION_LEVEL</key>
				<string>0</string>
				<key>GCC_PREPROCESSOR_DEFINITIONS</key>
				<array>
					<string>DEBUG=1</string>
					<string>$(inherited)</string>
				</array>
				<key>GCC_WARN_64_TO_32_BIT_CONVERSION</key>
				<string>YES</string>
				<key>GCC_WARN_ABOUT_RETURN_TYPE</key>
				<string>YES_ERROR</string>
				<key>GCC_WARN_UNDECLARED_SELECTOR</key>
				<string>YES</string>
				<key>GCC_WARN_UNINITIALIZED_AUTOS</key>
				<string>YES_AGGRESSIVE</string>
				<key>GCC_WARN_UNUSED_FUNCTION</key>
				<string>YES</string>
				<key>GCC_WARN_UNUSED_VARIABLE</key>
				<string>YES</string>
				<key>IPHONEOS_DEPLOYMENT_TARGET</key>
				<string>10.2</string>
				<key>MTL_ENABLE_DEBUG_INFO</key>
				<string>YES</string>
				<key>ONLY_ACTIVE_ARCH</key>
				<string>YES</string>
				<key>SDKROOT</key>
				<string>iphoneos</string>
				<key>TARGETED_DEVICE_FAMILY</key>
				<string>1,2</string>
			</dict>
			<key>isa</key>
			<string>XCBuildConfiguration</string>
			<key>name</key>
			<string>Debug</string>
		</dict>
		<key>070C9DB31E4874F300BD3A54</key>
		<dict>
			<key>buildSettings</key>
			<dict>
				<key>ALWAYS_SEARCH_USER_PATHS</key>
				<string>NO</string>
				<key>CLANG_ANALYZER_NONNULL</key>
				<string>YES</string>
				<key>CLANG_CXX_LANGUAGE_STANDARD</key>
				<string>gnu++0x</string>
				<key>CLANG_CXX_LIBRARY</key>
				<string>libc++</string>
				<key>CLANG_ENABLE_MODULES</key>
				<string>YES</string>
				<key>CLANG_ENABLE_OBJC_ARC</key>
				<string>YES</string>
				<key>CLANG_WARN_BOOL_CONVERSION</key>
				<string>YES</string>
				<key>CLANG_WARN_CONSTANT_CONVERSION</key>
				<string>YES</string>
				<key>CLANG_WARN_DIRECT_OBJC_ISA_USAGE</key>
				<string>YES_ERROR</string>
				<key>CLANG_WARN_DOCUMENTATION_COMMENTS</key>
				<string>YES</string>
				<key>CLANG_WARN_EMPTY_BODY</key>
				<string>YES</string>
				<key>CLANG_WARN_ENUM_CONVERSION</key>
				<string>YES</string>
				<key>CLANG_WARN_INFINITE_RECURSION</key>
				<string>YES</string>
				<key>CLANG_WARN_INT_CONVERSION</key>
				<string>YES</string>
				<key>CLANG_WARN_OBJC_ROOT_CLASS</key>
				<string>YES_ERROR</string>
				<key>CLANG_WARN_SUSPICIOUS_MOVE</key>
				<string>YES</string>
				<key>CLANG_WARN_UNREACHABLE_CODE</key>
				<string>YES</string>
				<key>CLANG_WARN__DUPLICATE_METHOD_MATCH</key>
				<string>YES</string>
				<key>CODE_SIGN_IDENTITY[sdk=iphoneos*]</key>
				<string>iPhone Developer</string>
				<key>COPY_PHASE_STRIP</key>
				<string>NO</string>
				<key>DEBUG_INFORMATION_FORMAT</key>
				<string>dwarf-with-dsym</string>
				<key>ENABLE_NS_ASSERTIONS</key>
				<string>NO</string>
				<key>ENABLE_STRICT_OBJC_MSGSEND</key>
				<string>YES</string>
				<key>GCC_C_LANGUAGE_STANDARD</key>
				<string>gnu99</string>
				<key>GCC_NO_COMMON_BLOCKS</key>
				<string>YES</string>
				<key>GCC_WARN_64_TO_32_BIT_CONVERSION</key>
				<string>YES</string>
				<key>GCC_WARN_ABOUT_RETURN_TYPE</key>
				<string>YES_ERROR</string>
				<key>GCC_WARN_UNDECLARED_SELECTOR</key>
				<string>YES</string>
				<key>GCC_WARN_UNINITIALIZED_AUTOS</key>
				<string>YES_AGGRESSIVE</string>
				<key>GCC_WARN_UNUSED_FUNCTION</key>
				<string>YES</string>
				<key>GCC_WARN_UNUSED_VARIABLE</key>
				<string>YES</string>
				<key>IPHONEOS_DEPLOYMENT_TARGET</key>
				<string>10.2</string>
				<key>MTL_ENABLE_DEBUG_INFO</key>
				<string>NO</string>
				<key>SDKROOT</key>
				<string>iphoneos</string>
				<key>TARGETED_DEVICE_FAMILY</key>
				<string>1,2</string>
				<key>VALIDATE_PRODUCT</key>
				<string>YES</string>
			</dict>
			<key>isa</key>
			<string>XCBuildConfiguration</string>
			<key>name</key>
			<string>Release</string>
		</dict>
		<key>070C9DB41E4874F300BD3A54</key>
		<dict>
			<key>buildConfigurations</key>
			<array>
				<string>070C9DB51E4874F300BD3A54</string>
				<string>070C9DB61E4874F300BD3A54</string>
			</array>
			<key>defaultConfigurationIsVisible</key>
			<string>0</string>
			<key>defaultConfigurationName</key>
			<string>Release</string>
			<key>isa</key>
			<string>XCConfigurationList</string>
		</dict>
		<key>070C9DB51E4874F300BD3A54</key>
		<dict>
			<key>baseConfigurationReference</key>
			<string>E69E40B647895E1D40DB3003</string>
			<key>buildSettings</key>
			<dict>
				<key>ASSETCATALOG_COMPILER_APPICON_NAME</key>
				<string>AppIcon</string>
				<key>DEVELOPMENT_TEAM</key>
				<string>LKLUL3G769</string>
				<key>GCC_PREFIX_HEADER</key>
				<string>$(SRCROOT)/Project-X/Project-X-Prefix.pch</string>
				<key>INFOPLIST_FILE</key>
				<string>Project-X/Info.plist</string>
				<key>IPHONEOS_DEPLOYMENT_TARGET</key>
				<string>10.0</string>
				<key>LD_RUNPATH_SEARCH_PATHS</key>
				<string>$(inherited) @executable_path/Frameworks</string>
				<key>PRODUCT_BUNDLE_IDENTIFIER</key>
				<string>chenqingxiao007.Project-X</string>
				<key>PRODUCT_NAME</key>
				<string>$(TARGET_NAME)</string>
				<key>USER_HEADER_SEARCH_PATHS</key>
				<string>$(PODS_ROOT)/**</string>
			</dict>
			<key>isa</key>
			<string>XCBuildConfiguration</string>
			<key>name</key>
			<string>Debug</string>
		</dict>
		<key>070C9DB61E4874F300BD3A54</key>
		<dict>
			<key>baseConfigurationReference</key>
			<string>24A9900B465FDCA77EC5331F</string>
			<key>buildSettings</key>
			<dict>
				<key>ASSETCATALOG_COMPILER_APPICON_NAME</key>
				<string>AppIcon</string>
				<key>DEVELOPMENT_TEAM</key>
				<string>LKLUL3G769</string>
				<key>GCC_PREFIX_HEADER</key>
				<string>$(SRCROOT)/Project-X/Project-X-Prefix.pch</string>
				<key>INFOPLIST_FILE</key>
				<string>Project-X/Info.plist</string>
				<key>IPHONEOS_DEPLOYMENT_TARGET</key>
				<string>10.0</string>
				<key>LD_RUNPATH_SEARCH_PATHS</key>
				<string>$(inherited) @executable_path/Frameworks</string>
				<key>PRODUCT_BUNDLE_IDENTIFIER</key>
				<string>chenqingxiao007.Project-X</string>
				<key>PRODUCT_NAME</key>
				<string>$(TARGET_NAME)</string>
				<key>USER_HEADER_SEARCH_PATHS</key>
				<string>$(PODS_ROOT)/**</string>
			</dict>
			<key>isa</key>
			<string>XCBuildConfiguration</string>
			<key>name</key>
			<string>Release</string>
		</dict>
		<key>070C9DB71E4874F300BD3A54</key>
		<dict>
			<key>buildConfigurations</key>
			<array>
				<string>070C9DB81E4874F300BD3A54</string>
				<string>070C9DB91E4874F300BD3A54</string>
			</array>
			<key>defaultConfigurationIsVisible</key>
			<string>0</string>
			<key>defaultConfigurationName</key>
			<string>Release</string>
			<key>isa</key>
			<string>XCConfigurationList</string>
		</dict>
		<key>070C9DB81E4874F300BD3A54</key>
		<dict>
			<key>buildSettings</key>
			<dict>
				<key>BUNDLE_LOADER</key>
				<string>$(TEST_HOST)</string>
				<key>INFOPLIST_FILE</key>
				<string>Project-XTests/Info.plist</string>
				<key>LD_RUNPATH_SEARCH_PATHS</key>
				<string>$(inherited) @executable_path/Frameworks @loader_path/Frameworks</string>
				<key>PRODUCT_BUNDLE_IDENTIFIER</key>
				<string>chenqingxiao007.Project-XTests</string>
				<key>PRODUCT_NAME</key>
				<string>$(TARGET_NAME)</string>
				<key>TEST_HOST</key>
				<string>$(BUILT_PRODUCTS_DIR)/Project-X.app/Project-X</string>
			</dict>
			<key>isa</key>
			<string>XCBuildConfiguration</string>
			<key>name</key>
			<string>Debug</string>
		</dict>
		<key>070C9DB91E4874F300BD3A54</key>
		<dict>
			<key>buildSettings</key>
			<dict>
				<key>BUNDLE_LOADER</key>
				<string>$(TEST_HOST)</string>
				<key>INFOPLIST_FILE</key>
				<string>Project-XTests/Info.plist</string>
				<key>LD_RUNPATH_SEARCH_PATHS</key>
				<string>$(inherited) @executable_path/Frameworks @loader_path/Frameworks</string>
				<key>PRODUCT_BUNDLE_IDENTIFIER</key>
				<string>chenqingxiao007.Project-XTests</string>
				<key>PRODUCT_NAME</key>
				<string>$(TARGET_NAME)</string>
				<key>TEST_HOST</key>
				<string>$(BUILT_PRODUCTS_DIR)/Project-X.app/Project-X</string>
			</dict>
			<key>isa</key>
			<string>XCBuildConfiguration</string>
			<key>name</key>
			<string>Release</string>
		</dict>
		<key>070C9DBA1E4874F300BD3A54</key>
		<dict>
			<key>buildConfigurations</key>
			<array>
				<string>070C9DBB1E4874F300BD3A54</string>
				<string>070C9DBC1E4874F300BD3A54</string>
			</array>
			<key>defaultConfigurationIsVisible</key>
			<string>0</string>
			<key>defaultConfigurationName</key>
			<string>Release</string>
			<key>isa</key>
			<string>XCConfigurationList</string>
		</dict>
		<key>070C9DBB1E4874F300BD3A54</key>
		<dict>
			<key>buildSettings</key>
			<dict>
				<key>INFOPLIST_FILE</key>
				<string>Project-XUITests/Info.plist</string>
				<key>LD_RUNPATH_SEARCH_PATHS</key>
				<string>$(inherited) @executable_path/Frameworks @loader_path/Frameworks</string>
				<key>PRODUCT_BUNDLE_IDENTIFIER</key>
				<string>chenqingxiao007.Project-XUITests</string>
				<key>PRODUCT_NAME</key>
				<string>$(TARGET_NAME)</string>
				<key>TEST_TARGET_NAME</key>
				<string>Project-X</string>
			</dict>
			<key>isa</key>
			<string>XCBuildConfiguration</string>
			<key>name</key>
			<string>Debug</string>
		</dict>
		<key>070C9DBC1E4874F300BD3A54</key>
		<dict>
			<key>buildSettings</key>
			<dict>
				<key>INFOPLIST_FILE</key>
				<string>Project-XUITests/Info.plist</string>
				<key>LD_RUNPATH_SEARCH_PATHS</key>
				<string>$(inherited) @executable_path/Frameworks @loader_path/Frameworks</string>
				<key>PRODUCT_BUNDLE_IDENTIFIER</key>
				<string>chenqingxiao007.Project-XUITests</string>
				<key>PRODUCT_NAME</key>
				<string>$(TARGET_NAME)</string>
				<key>TEST_TARGET_NAME</key>
				<string>Project-X</string>
			</dict>
			<key>isa</key>
			<string>XCBuildConfiguration</string>
			<key>name</key>
			<string>Release</string>
		</dict>
		<key>070C9DC41E4D9A8C00BD3A54</key>
		<dict>
			<key>children</key>
			<array>
				<string>07F40F361E56E6E4008338A2</string>
				<string>070C9DC51E4D9A8C00BD3A54</string>
				<string>024DC1151E5C21C600405561</string>
				<string>024DC1161E5C21C600405561</string>
			</array>
			<key>isa</key>
			<string>PBXGroup</string>
			<key>path</key>
			<string>Common</string>
			<key>sourceTree</key>
			<string>&lt;group&gt;</string>
		</dict>
		<key>070C9DC51E4D9A8C00BD3A54</key>
		<dict>
			<key>children</key>
			<array>
				<string>070C9DC81E4D9B5000BD3A54</string>
				<string>070C9DC91E4D9B5000BD3A54</string>
			</array>
			<key>isa</key>
			<string>PBXGroup</string>
			<key>path</key>
			<string>Controller</string>
			<key>sourceTree</key>
			<string>&lt;group&gt;</string>
		</dict>
		<key>070C9DC81E4D9B5000BD3A54</key>
		<dict>
			<key>fileEncoding</key>
			<string>4</string>
			<key>isa</key>
			<string>PBXFileReference</string>
			<key>lastKnownFileType</key>
			<string>sourcecode.c.h</string>
			<key>path</key>
			<string>ZQLoginViewController.h</string>
			<key>sourceTree</key>
			<string>&lt;group&gt;</string>
		</dict>
		<key>070C9DC91E4D9B5000BD3A54</key>
		<dict>
			<key>fileEncoding</key>
			<string>4</string>
			<key>isa</key>
			<string>PBXFileReference</string>
			<key>lastKnownFileType</key>
			<string>sourcecode.c.objc</string>
			<key>path</key>
			<string>ZQLoginViewController.m</string>
			<key>sourceTree</key>
			<string>&lt;group&gt;</string>
		</dict>
		<key>070C9DCA1E4D9B5000BD3A54</key>
		<dict>
			<key>fileRef</key>
			<string>070C9DC91E4D9B5000BD3A54</string>
			<key>isa</key>
			<string>PBXBuildFile</string>
		</dict>
		<key>070C9DCB1E4D9BD200BD3A54</key>
		<dict>
			<key>isa</key>
			<string>PBXFileReference</string>
			<key>lastKnownFileType</key>
			<string>sourcecode.c.h</string>
			<key>path</key>
			<string>Project-X-Prefix.pch</string>
			<key>sourceTree</key>
			<string>&lt;group&gt;</string>
		</dict>
		<key>07F40F2C1E56D62C008338A2</key>
		<dict>
			<key>children</key>
			<array>
				<string>07F40F301E56D735008338A2</string>
				<string>07F40F311E56D735008338A2</string>
				<string>07F40F331E56D871008338A2</string>
				<string>07F40F341E56D871008338A2</string>
				<string>024DC11A1E5C222400405561</string>
				<string>024DC11B1E5C222400405561</string>
				<string>029FF3D91E5E8C8C0098E024</string>
				<string>029FF3DA1E5E8C8C0098E024</string>
				<string>454BDFB21E61E4770099C14A</string>
				<string>454BDFB31E61E4770099C14A</string>
			</array>
			<key>isa</key>
			<string>PBXGroup</string>
			<key>path</key>
			<string>Tools</string>
			<key>sourceTree</key>
			<string>&lt;group&gt;</string>
		</dict>
		<key>07F40F301E56D735008338A2</key>
		<dict>
			<key>fileEncoding</key>
			<string>4</string>
			<key>isa</key>
			<string>PBXFileReference</string>
			<key>lastKnownFileType</key>
			<string>sourcecode.c.h</string>
			<key>path</key>
			<string>ZQNetWorkHelper.h</string>
			<key>sourceTree</key>
			<string>&lt;group&gt;</string>
		</dict>
		<key>07F40F311E56D735008338A2</key>
		<dict>
			<key>fileEncoding</key>
			<string>4</string>
			<key>isa</key>
			<string>PBXFileReference</string>
			<key>lastKnownFileType</key>
			<string>sourcecode.c.objc</string>
			<key>path</key>
			<string>ZQNetWorkHelper.m</string>
			<key>sourceTree</key>
			<string>&lt;group&gt;</string>
		</dict>
		<key>07F40F321E56D735008338A2</key>
		<dict>
			<key>fileRef</key>
			<string>07F40F311E56D735008338A2</string>
			<key>isa</key>
			<string>PBXBuildFile</string>
		</dict>
		<key>07F40F331E56D871008338A2</key>
		<dict>
			<key>fileEncoding</key>
			<string>4</string>
			<key>isa</key>
			<string>PBXFileReference</string>
			<key>lastKnownFileType</key>
			<string>sourcecode.c.h</string>
			<key>path</key>
			<string>ZQBaseRequest.h</string>
			<key>sourceTree</key>
			<string>&lt;group&gt;</string>
		</dict>
		<key>07F40F341E56D871008338A2</key>
		<dict>
			<key>fileEncoding</key>
			<string>4</string>
			<key>isa</key>
			<string>PBXFileReference</string>
			<key>lastKnownFileType</key>
			<string>sourcecode.c.objc</string>
			<key>path</key>
			<string>ZQBaseRequest.m</string>
			<key>sourceTree</key>
			<string>&lt;group&gt;</string>
		</dict>
		<key>07F40F351E56D871008338A2</key>
		<dict>
			<key>fileRef</key>
			<string>07F40F341E56D871008338A2</string>
			<key>isa</key>
			<string>PBXBuildFile</string>
		</dict>
		<key>07F40F361E56E6E4008338A2</key>
		<dict>
			<key>children</key>
			<array>
				<string>07F40F371E56E701008338A2</string>
				<string>07F40F381E56E701008338A2</string>
			</array>
			<key>isa</key>
			<string>PBXGroup</string>
			<key>path</key>
			<string>Requset</string>
			<key>sourceTree</key>
			<string>&lt;group&gt;</string>
		</dict>
		<key>07F40F371E56E701008338A2</key>
		<dict>
			<key>fileEncoding</key>
			<string>4</string>
			<key>isa</key>
			<string>PBXFileReference</string>
			<key>lastKnownFileType</key>
			<string>sourcecode.c.h</string>
			<key>path</key>
			<string>ZQOauthRequest.h</string>
			<key>sourceTree</key>
			<string>&lt;group&gt;</string>
		</dict>
		<key>07F40F381E56E701008338A2</key>
		<dict>
			<key>fileEncoding</key>
			<string>4</string>
			<key>isa</key>
			<string>PBXFileReference</string>
			<key>lastKnownFileType</key>
			<string>sourcecode.c.objc</string>
			<key>path</key>
			<string>ZQOauthRequest.m</string>
			<key>sourceTree</key>
			<string>&lt;group&gt;</string>
		</dict>
		<key>07F40F391E56E701008338A2</key>
		<dict>
			<key>fileRef</key>
			<string>07F40F381E56E701008338A2</string>
			<key>isa</key>
			<string>PBXBuildFile</string>
		</dict>
		<key>2214E9CCFAB07EB7697595D6</key>
		<dict>
			<key>buildActionMask</key>
			<string>2147483647</string>
			<key>files</key>
			<array/>
			<key>inputPaths</key>
			<array/>
			<key>isa</key>
			<string>PBXShellScriptBuildPhase</string>
			<key>name</key>
			<string>Embed Pods Frameworks</string>
			<key>outputPaths</key>
			<array/>
			<key>runOnlyForDeploymentPostprocessing</key>
			<string>0</string>
			<key>shellPath</key>
			<string>/bin/sh</string>
			<key>shellScript</key>
			<string>"${SRCROOT}/Pods/Target Support Files/Pods-Project-X/Pods-Project-X-frameworks.sh"
</string>
			<key>showEnvVarsInLog</key>
			<string>0</string>
		</dict>
		<key>24A9900B465FDCA77EC5331F</key>
		<dict>
			<key>includeInIndex</key>
			<string>1</string>
			<key>isa</key>
			<string>PBXFileReference</string>
			<key>lastKnownFileType</key>
			<string>text.xcconfig</string>
			<key>name</key>
			<string>Pods-Project-X.release.xcconfig</string>
			<key>path</key>
			<string>Pods/Target Support Files/Pods-Project-X/Pods-Project-X.release.xcconfig</string>
			<key>sourceTree</key>
			<string>&lt;group&gt;</string>
		</dict>
		<key>2D491521DEAA88015E13C4DD</key>
		<dict>
			<key>children</key>
			<array>
				<string>777ADF6EA3969746523FE52B</string>
			</array>
			<key>isa</key>
			<string>PBXGroup</string>
			<key>name</key>
			<string>Frameworks</string>
			<key>sourceTree</key>
			<string>&lt;group&gt;</string>
		</dict>
		<key>2D8C6E5B191C070247F160D0</key>
		<dict>
			<key>children</key>
			<array>
				<string>E69E40B647895E1D40DB3003</string>
				<string>24A9900B465FDCA77EC5331F</string>
			</array>
			<key>isa</key>
			<string>PBXGroup</string>
			<key>name</key>
			<string>Pods</string>
			<key>sourceTree</key>
			<string>&lt;group&gt;</string>
		</dict>
		<key>4504A6031E5DE50D00E6DBDA</key>
		<dict>
			<key>children</key>
			<array>
				<string>4504A6041E5DE53C00E6DBDA</string>
				<string>4504A6051E5DE53C00E6DBDA</string>
				<string>4504A6071E5DE56600E6DBDA</string>
				<string>4504A6081E5DE56600E6DBDA</string>
				<string>454BDFAF1E61D9A00099C14A</string>
				<string>454BDFB01E61D9A00099C14A</string>
			</array>
			<key>isa</key>
			<string>PBXGroup</string>
			<key>name</key>
			<string>PublicString</string>
			<key>path</key>
			<string>PublickString</string>
			<key>sourceTree</key>
			<string>&lt;group&gt;</string>
		</dict>
		<key>4504A6041E5DE53C00E6DBDA</key>
		<dict>
			<key>fileEncoding</key>
			<string>4</string>
			<key>isa</key>
			<string>PBXFileReference</string>
			<key>lastKnownFileType</key>
			<string>sourcecode.c.h</string>
			<key>path</key>
			<string>ZQUrlString.h</string>
			<key>sourceTree</key>
			<string>&lt;group&gt;</string>
		</dict>
		<key>4504A6051E5DE53C00E6DBDA</key>
		<dict>
			<key>fileEncoding</key>
			<string>4</string>
			<key>isa</key>
			<string>PBXFileReference</string>
			<key>lastKnownFileType</key>
			<string>sourcecode.c.objc</string>
			<key>path</key>
			<string>ZQUrlString.m</string>
			<key>sourceTree</key>
			<string>&lt;group&gt;</string>
		</dict>
		<key>4504A6061E5DE53C00E6DBDA</key>
		<dict>
			<key>fileRef</key>
			<string>4504A6051E5DE53C00E6DBDA</string>
			<key>isa</key>
			<string>PBXBuildFile</string>
		</dict>
		<key>4504A6071E5DE56600E6DBDA</key>
		<dict>
			<key>fileEncoding</key>
			<string>4</string>
			<key>isa</key>
			<string>PBXFileReference</string>
			<key>lastKnownFileType</key>
			<string>sourcecode.c.h</string>
			<key>path</key>
			<string>ZQImageNameString.h</string>
			<key>sourceTree</key>
			<string>&lt;group&gt;</string>
		</dict>
		<key>4504A6081E5DE56600E6DBDA</key>
		<dict>
			<key>fileEncoding</key>
			<string>4</string>
			<key>isa</key>
			<string>PBXFileReference</string>
			<key>lastKnownFileType</key>
			<string>sourcecode.c.objc</string>
			<key>path</key>
			<string>ZQImageNameString.m</string>
			<key>sourceTree</key>
			<string>&lt;group&gt;</string>
		</dict>
		<key>4504A6091E5DE56600E6DBDA</key>
		<dict>
			<key>fileRef</key>
			<string>4504A6081E5DE56600E6DBDA</string>
			<key>isa</key>
			<string>PBXBuildFile</string>
		</dict>
		<key>454BDFAF1E61D9A00099C14A</key>
		<dict>
			<key>fileEncoding</key>
			<string>4</string>
			<key>isa</key>
			<string>PBXFileReference</string>
			<key>lastKnownFileType</key>
			<string>sourcecode.c.h</string>
			<key>path</key>
			<string>ZQWordString.h</string>
			<key>sourceTree</key>
			<string>&lt;group&gt;</string>
		</dict>
		<key>454BDFB01E61D9A00099C14A</key>
		<dict>
			<key>fileEncoding</key>
			<string>4</string>
			<key>isa</key>
			<string>PBXFileReference</string>
			<key>lastKnownFileType</key>
			<string>sourcecode.c.objc</string>
			<key>path</key>
			<string>ZQWordString.m</string>
			<key>sourceTree</key>
			<string>&lt;group&gt;</string>
		</dict>
		<key>454BDFB11E61D9A00099C14A</key>
		<dict>
			<key>fileRef</key>
			<string>454BDFB01E61D9A00099C14A</string>
			<key>isa</key>
			<string>PBXBuildFile</string>
		</dict>
		<key>454BDFB21E61E4770099C14A</key>
		<dict>
			<key>fileEncoding</key>
			<string>4</string>
			<key>isa</key>
			<string>PBXFileReference</string>
			<key>lastKnownFileType</key>
			<string>sourcecode.c.h</string>
			<key>path</key>
			<string>ZQCommonTools.h</string>
			<key>sourceTree</key>
			<string>&lt;group&gt;</string>
		</dict>
		<key>454BDFB31E61E4770099C14A</key>
		<dict>
			<key>fileEncoding</key>
			<string>4</string>
			<key>isa</key>
			<string>PBXFileReference</string>
			<key>lastKnownFileType</key>
			<string>sourcecode.c.objc</string>
			<key>path</key>
			<string>ZQCommonTools.m</string>
			<key>sourceTree</key>
			<string>&lt;group&gt;</string>
		</dict>
		<key>454BDFB41E61E4770099C14A</key>
		<dict>
			<key>fileRef</key>
			<string>454BDFB31E61E4770099C14A</string>
			<key>isa</key>
			<string>PBXBuildFile</string>
		</dict>
		<key>45A43E731E4C060900C64CE2</key>
		<dict>
			<key>children</key>
			<array>
				<string>026F58271E5FCDEF0011FB8D</string>
				<string>4504A6031E5DE50D00E6DBDA</string>
				<string>07F40F2C1E56D62C008338A2</string>
				<string>070C9DC41E4D9A8C00BD3A54</string>
				<string>45A43E841E4C060900C64CE2</string>
				<string>45A43E741E4C060900C64CE2</string>
				<string>45A43E7C1E4C060900C64CE2</string>
				<string>45A43E801E4C060900C64CE2</string>
				<string>45A43E881E4C060900C64CE2</string>
				<string>45A43E8C1E4C060900C64CE2</string>
				<string>45A43E901E4C060900C64CE2</string>
			</array>
			<key>isa</key>
			<string>PBXGroup</string>
			<key>path</key>
			<string>Classes</string>
			<key>sourceTree</key>
			<string>&lt;group&gt;</string>
		</dict>
		<key>45A43E741E4C060900C64CE2</key>
		<dict>
			<key>children</key>
			<array>
				<string>45A43E751E4C060900C64CE2</string>
			</array>
			<key>isa</key>
			<string>PBXGroup</string>
			<key>path</key>
			<string>Add</string>
			<key>sourceTree</key>
			<string>&lt;group&gt;</string>
		</dict>
		<key>45A43E751E4C060900C64CE2</key>
		<dict>
			<key>children</key>
			<array>
				<string>45A43EA01E4C07C200C64CE2</string>
				<string>45A43EA11E4C07C200C64CE2</string>
			</array>
			<key>isa</key>
			<string>PBXGroup</string>
			<key>path</key>
			<string>Controller</string>
			<key>sourceTree</key>
			<string>&lt;group&gt;</string>
		</dict>
		<key>45A43E7C1E4C060900C64CE2</key>
		<dict>
			<key>children</key>
			<array>
				<string>45A43E7D1E4C060900C64CE2</string>
			</array>
			<key>isa</key>
			<string>PBXGroup</string>
			<key>path</key>
			<string>Discover</string>
			<key>sourceTree</key>
			<string>&lt;group&gt;</string>
		</dict>
		<key>45A43E7D1E4C060900C64CE2</key>
		<dict>
			<key>children</key>
			<array>
				<string>45A43E9D1E4C07A300C64CE2</string>
				<string>45A43E9E1E4C07A300C64CE2</string>
			</array>
			<key>isa</key>
			<string>PBXGroup</string>
			<key>path</key>
			<string>Controller</string>
			<key>sourceTree</key>
			<string>&lt;group&gt;</string>
		</dict>
		<key>45A43E801E4C060900C64CE2</key>
		<dict>
			<key>children</key>
			<array>
				<string>45A43E811E4C060900C64CE2</string>
			</array>
			<key>isa</key>
			<string>PBXGroup</string>
			<key>path</key>
			<string>Home</string>
			<key>sourceTree</key>
			<string>&lt;group&gt;</string>
		</dict>
		<key>45A43E811E4C060900C64CE2</key>
		<dict>
			<key>children</key>
			<array>
				<string>45A43E941E4C06EC00C64CE2</string>
				<string>45A43E951E4C06EC00C64CE2</string>
			</array>
			<key>isa</key>
			<string>PBXGroup</string>
			<key>path</key>
			<string>Controller</string>
			<key>sourceTree</key>
			<string>&lt;group&gt;</string>
		</dict>
		<key>45A43E841E4C060900C64CE2</key>
		<dict>
			<key>children</key>
			<array>
				<string>45A43E851E4C060900C64CE2</string>
				<string>0213DAD21E5D772500FB9D48</string>
			</array>
			<key>isa</key>
			<string>PBXGroup</string>
			<key>path</key>
			<string>Main</string>
			<key>sourceTree</key>
			<string>&lt;group&gt;</string>
		</dict>
		<key>45A43E851E4C060900C64CE2</key>
		<dict>
			<key>children</key>
			<array>
				<string>45A43E921E4C06E000C64CE2</string>
				<string>45A43E911E4C06E000C64CE2</string>
			</array>
			<key>isa</key>
			<string>PBXGroup</string>
			<key>path</key>
			<string>Controller</string>
			<key>sourceTree</key>
			<string>&lt;group&gt;</string>
		</dict>
		<key>45A43E881E4C060900C64CE2</key>
		<dict>
			<key>children</key>
			<array>
				<string>45A43E891E4C060900C64CE2</string>
			</array>
			<key>isa</key>
			<string>PBXGroup</string>
			<key>path</key>
			<string>Message</string>
			<key>sourceTree</key>
			<string>&lt;group&gt;</string>
		</dict>
		<key>45A43E891E4C060900C64CE2</key>
		<dict>
			<key>children</key>
			<array>
				<string>45A43EA31E4C07DE00C64CE2</string>
				<string>45A43EA41E4C07DE00C64CE2</string>
			</array>
			<key>isa</key>
			<string>PBXGroup</string>
			<key>path</key>
			<string>Controller</string>
			<key>sourceTree</key>
			<string>&lt;group&gt;</string>
		</dict>
		<key>45A43E8C1E4C060900C64CE2</key>
		<dict>
			<key>children</key>
			<array>
				<string>45A43E8D1E4C060900C64CE2</string>
				<string>0213DAC01E5D656900FB9D48</string>
				<string>0213DAC11E5D656900FB9D48</string>
			</array>
			<key>isa</key>
			<string>PBXGroup</string>
			<key>path</key>
			<string>My</string>
			<key>sourceTree</key>
			<string>&lt;group&gt;</string>
		</dict>
		<key>45A43E8D1E4C060900C64CE2</key>
		<dict>
			<key>children</key>
			<array>
				<string>45A43EA61E4C08AB00C64CE2</string>
				<string>45A43EA71E4C08AB00C64CE2</string>
			</array>
			<key>isa</key>
			<string>PBXGroup</string>
			<key>path</key>
			<string>Controller</string>
			<key>sourceTree</key>
			<string>&lt;group&gt;</string>
		</dict>
		<key>45A43E901E4C060900C64CE2</key>
		<dict>
			<key>children</key>
			<array>
				<string>45A43E971E4C070600C64CE2</string>
				<string>45A43E981E4C070600C64CE2</string>
			</array>
			<key>isa</key>
			<string>PBXGroup</string>
			<key>path</key>
			<string>Other</string>
			<key>sourceTree</key>
			<string>&lt;group&gt;</string>
		</dict>
		<key>45A43E911E4C06E000C64CE2</key>
		<dict>
			<key>fileEncoding</key>
			<string>4</string>
			<key>isa</key>
			<string>PBXFileReference</string>
			<key>lastKnownFileType</key>
			<string>sourcecode.c.objc</string>
			<key>path</key>
			<string>ZQTabbarController.m</string>
			<key>sourceTree</key>
			<string>&lt;group&gt;</string>
		</dict>
		<key>45A43E921E4C06E000C64CE2</key>
		<dict>
			<key>fileEncoding</key>
			<string>4</string>
			<key>isa</key>
			<string>PBXFileReference</string>
			<key>lastKnownFileType</key>
			<string>sourcecode.c.h</string>
			<key>path</key>
			<string>ZQTabbarController.h</string>
			<key>sourceTree</key>
			<string>&lt;group&gt;</string>
		</dict>
		<key>45A43E931E4C06E000C64CE2</key>
		<dict>
			<key>fileRef</key>
			<string>45A43E911E4C06E000C64CE2</string>
			<key>isa</key>
			<string>PBXBuildFile</string>
		</dict>
		<key>45A43E941E4C06EC00C64CE2</key>
		<dict>
			<key>fileEncoding</key>
			<string>4</string>
			<key>isa</key>
			<string>PBXFileReference</string>
			<key>lastKnownFileType</key>
			<string>sourcecode.c.objc</string>
			<key>path</key>
			<string>ZQHomeController.m</string>
			<key>sourceTree</key>
			<string>&lt;group&gt;</string>
		</dict>
		<key>45A43E951E4C06EC00C64CE2</key>
		<dict>
			<key>fileEncoding</key>
			<string>4</string>
			<key>isa</key>
			<string>PBXFileReference</string>
			<key>lastKnownFileType</key>
			<string>sourcecode.c.h</string>
			<key>path</key>
			<string>ZQHomeController.h</string>
			<key>sourceTree</key>
			<string>&lt;group&gt;</string>
		</dict>
		<key>45A43E961E4C06EC00C64CE2</key>
		<dict>
			<key>fileRef</key>
			<string>45A43E941E4C06EC00C64CE2</string>
			<key>isa</key>
			<string>PBXBuildFile</string>
		</dict>
		<key>45A43E971E4C070600C64CE2</key>
		<dict>
			<key>fileEncoding</key>
			<string>4</string>
			<key>isa</key>
			<string>PBXFileReference</string>
			<key>lastKnownFileType</key>
			<string>sourcecode.c.objc</string>
			<key>path</key>
			<string>AppDelegate.m</string>
			<key>sourceTree</key>
			<string>&lt;group&gt;</string>
		</dict>
		<key>45A43E981E4C070600C64CE2</key>
		<dict>
			<key>fileEncoding</key>
			<string>4</string>
			<key>isa</key>
			<string>PBXFileReference</string>
			<key>lastKnownFileType</key>
			<string>sourcecode.c.h</string>
			<key>path</key>
			<string>AppDelegate.h</string>
			<key>sourceTree</key>
			<string>&lt;group&gt;</string>
		</dict>
		<key>45A43E991E4C070600C64CE2</key>
		<dict>
			<key>fileRef</key>
			<string>45A43E971E4C070600C64CE2</string>
			<key>isa</key>
			<string>PBXBuildFile</string>
		</dict>
		<key>45A43E9D1E4C07A300C64CE2</key>
		<dict>
			<key>fileEncoding</key>
			<string>4</string>
			<key>isa</key>
			<string>PBXFileReference</string>
			<key>lastKnownFileType</key>
			<string>sourcecode.c.h</string>
			<key>path</key>
			<string>ZQDiscoverController.h</string>
			<key>sourceTree</key>
			<string>&lt;group&gt;</string>
		</dict>
		<key>45A43E9E1E4C07A300C64CE2</key>
		<dict>
			<key>fileEncoding</key>
			<string>4</string>
			<key>isa</key>
			<string>PBXFileReference</string>
			<key>lastKnownFileType</key>
			<string>sourcecode.c.objc</string>
			<key>path</key>
			<string>ZQDiscoverController.m</string>
			<key>sourceTree</key>
			<string>&lt;group&gt;</string>
		</dict>
		<key>45A43E9F1E4C07A300C64CE2</key>
		<dict>
			<key>fileRef</key>
			<string>45A43E9E1E4C07A300C64CE2</string>
			<key>isa</key>
			<string>PBXBuildFile</string>
		</dict>
		<key>45A43EA01E4C07C200C64CE2</key>
		<dict>
			<key>fileEncoding</key>
			<string>4</string>
			<key>isa</key>
			<string>PBXFileReference</string>
			<key>lastKnownFileType</key>
			<string>sourcecode.c.h</string>
			<key>path</key>
			<string>ZQAddController.h</string>
			<key>sourceTree</key>
			<string>&lt;group&gt;</string>
		</dict>
		<key>45A43EA11E4C07C200C64CE2</key>
		<dict>
			<key>fileEncoding</key>
			<string>4</string>
			<key>isa</key>
			<string>PBXFileReference</string>
			<key>lastKnownFileType</key>
			<string>sourcecode.c.objc</string>
			<key>path</key>
			<string>ZQAddController.m</string>
			<key>sourceTree</key>
			<string>&lt;group&gt;</string>
		</dict>
		<key>45A43EA21E4C07C200C64CE2</key>
		<dict>
			<key>fileRef</key>
			<string>45A43EA11E4C07C200C64CE2</string>
			<key>isa</key>
			<string>PBXBuildFile</string>
		</dict>
		<key>45A43EA31E4C07DE00C64CE2</key>
		<dict>
			<key>fileEncoding</key>
			<string>4</string>
			<key>isa</key>
			<string>PBXFileReference</string>
			<key>lastKnownFileType</key>
			<string>sourcecode.c.h</string>
			<key>path</key>
			<string>ZQMessageController.h</string>
			<key>sourceTree</key>
			<string>&lt;group&gt;</string>
		</dict>
		<key>45A43EA41E4C07DE00C64CE2</key>
		<dict>
			<key>fileEncoding</key>
			<string>4</string>
			<key>isa</key>
			<string>PBXFileReference</string>
			<key>lastKnownFileType</key>
			<string>sourcecode.c.objc</string>
			<key>path</key>
			<string>ZQMessageController.m</string>
			<key>sourceTree</key>
			<string>&lt;group&gt;</string>
		</dict>
		<key>45A43EA51E4C07DE00C64CE2</key>
		<dict>
			<key>fileRef</key>
			<string>45A43EA41E4C07DE00C64CE2</string>
			<key>isa</key>
			<string>PBXBuildFile</string>
		</dict>
		<key>45A43EA61E4C08AB00C64CE2</key>
		<dict>
			<key>fileEncoding</key>
			<string>4</string>
			<key>isa</key>
			<string>PBXFileReference</string>
			<key>lastKnownFileType</key>
			<string>sourcecode.c.h</string>
			<key>path</key>
			<string>ZQMyController.h</string>
			<key>sourceTree</key>
			<string>&lt;group&gt;</string>
		</dict>
		<key>45A43EA71E4C08AB00C64CE2</key>
		<dict>
			<key>fileEncoding</key>
			<string>4</string>
			<key>isa</key>
			<string>PBXFileReference</string>
			<key>lastKnownFileType</key>
			<string>sourcecode.c.objc</string>
			<key>path</key>
			<string>ZQMyController.m</string>
			<key>sourceTree</key>
			<string>&lt;group&gt;</string>
		</dict>
		<key>45A43EA81E4C08AB00C64CE2</key>
		<dict>
			<key>fileRef</key>
			<string>45A43EA71E4C08AB00C64CE2</string>
			<key>isa</key>
			<string>PBXBuildFile</string>
		</dict>
		<key>52D2011B190CB688642ECD80</key>
		<dict>
			<key>buildActionMask</key>
			<string>2147483647</string>
			<key>files</key>
			<array/>
			<key>inputPaths</key>
			<array/>
			<key>isa</key>
			<string>PBXShellScriptBuildPhase</string>
			<key>name</key>
			<string>[CP] Check Pods Manifest.lock</string>
			<key>outputPaths</key>
			<array/>
			<key>runOnlyForDeploymentPostprocessing</key>
			<string>0</string>
			<key>shellPath</key>
			<string>/bin/sh</string>
			<key>shellScript</key>
			<string>diff "${PODS_ROOT}/../Podfile.lock" "${PODS_ROOT}/Manifest.lock" &gt; /dev/null
if [ $? != 0 ] ; then
    # print error to STDERR
    echo "error: The sandbox is not in sync with the Podfile.lock. Run 'pod install' or update your CocoaPods installation." &gt;&amp;2
    exit 1
fi
</string>
			<key>showEnvVarsInLog</key>
			<string>0</string>
		</dict>
		<key>560308AC8D37C69815C9F7C5</key>
		<dict>
			<key>buildActionMask</key>
			<string>2147483647</string>
			<key>files</key>
			<array/>
			<key>inputPaths</key>
			<array/>
			<key>isa</key>
			<string>PBXShellScriptBuildPhase</string>
			<key>name</key>
			<string>[CP] Copy Pods Resources</string>
			<key>outputPaths</key>
			<array/>
			<key>runOnlyForDeploymentPostprocessing</key>
			<string>0</string>
			<key>shellPath</key>
			<string>/bin/sh</string>
			<key>shellScript</key>
			<string>"${SRCROOT}/Pods/Target Support Files/Pods-Project-X/Pods-Project-X-resources.sh"
</string>
			<key>showEnvVarsInLog</key>
			<string>0</string>
		</dict>
		<key>777ADF6EA3969746523FE52B</key>
		<dict>
			<key>explicitFileType</key>
			<string>archive.ar</string>
			<key>includeInIndex</key>
			<string>0</string>
			<key>isa</key>
			<string>PBXFileReference</string>
			<key>path</key>
			<string>libPods-Project-X.a</string>
			<key>sourceTree</key>
			<string>BUILT_PRODUCTS_DIR</string>
		</dict>
		<key>895C66D7E6B14CC6E756912C</key>
		<dict>
			<key>fileRef</key>
			<string>777ADF6EA3969746523FE52B</string>
			<key>isa</key>
			<string>PBXBuildFile</string>
		</dict>
		<key>E69E40B647895E1D40DB3003</key>
		<dict>
			<key>includeInIndex</key>
			<string>1</string>
			<key>isa</key>
			<string>PBXFileReference</string>
			<key>lastKnownFileType</key>
			<string>text.xcconfig</string>
			<key>name</key>
			<string>Pods-Project-X.debug.xcconfig</string>
			<key>path</key>
			<string>Pods/Target Support Files/Pods-Project-X/Pods-Project-X.debug.xcconfig</string>
			<key>sourceTree</key>
			<string>&lt;group&gt;</string>
		</dict>
		<key>FC885786AA34D1FBB416CC1E</key>
		<dict>
			<key>buildActionMask</key>
			<string>2147483647</string>
			<key>files</key>
			<array/>
			<key>inputPaths</key>
			<array/>
			<key>isa</key>
			<string>PBXShellScriptBuildPhase</string>
			<key>name</key>
			<string>[CP] Embed Pods Frameworks</string>
			<key>outputPaths</key>
			<array/>
			<key>runOnlyForDeploymentPostprocessing</key>
			<string>0</string>
			<key>shellPath</key>
			<string>/bin/sh</string>
			<key>shellScript</key>
			<string>"${SRCROOT}/Pods/Target Support Files/Pods-Project-X/Pods-Project-X-frameworks.sh"
</string>
			<key>showEnvVarsInLog</key>
			<string>0</string>
		</dict>
	</dict>
	<key>rootObject</key>
	<string>070C9D7F1E4874F300BD3A54</string>
</dict>
</plist>
